<?xml version="1.0" encoding="UTF-8"?>
<!DOCTYPE plist PUBLIC "-//Apple//DTD PLIST 1.0//EN" "http://www.apple.com/DTDs/PropertyList-1.0.dtd">
<plist version="1.0">
<dict>
	<key>archiveVersion</key>
	<string>1</string>
	<key>classes</key>
	<dict/>
	<key>objectVersion</key>
	<string>46</string>
	<key>objects</key>
	<dict>
		<key>0A42722DA3753B71A1ECE480</key>
		<dict>
			<key>buildActionMask</key>
			<string>2147483647</string>
			<key>files</key>
			<array/>
			<key>inputPaths</key>
			<array/>
			<key>isa</key>
			<string>PBXShellScriptBuildPhase</string>
			<key>name</key>
			<string>Check Pods Manifest.lock</string>
			<key>outputPaths</key>
			<array/>
			<key>runOnlyForDeploymentPostprocessing</key>
			<string>0</string>
			<key>shellPath</key>
			<string>/bin/sh</string>
			<key>shellScript</key>
			<string>diff "${PODS_ROOT}/../Podfile.lock" "${PODS_ROOT}/Manifest.lock" &gt; /dev/null
if [[ $? != 0 ]] ; then
    cat &lt;&lt; EOM
error: The sandbox is not in sync with the Podfile.lock. Run 'pod install' or update your CocoaPods installation.
EOM
    exit 1
fi
</string>
			<key>showEnvVarsInLog</key>
			<string>0</string>
		</dict>
		<key>1230A180D422E7D6A5941574</key>
		<dict>
			<key>fileRef</key>
			<string>F4A293262793B2F0EE7A3F00</string>
			<key>isa</key>
			<string>PBXBuildFile</string>
		</dict>
		<key>31FBF04D8E1589488CD77D00</key>
		<dict>
			<key>children</key>
			<array>
				<string>AA5FD40C1CA3146D00C9DD64</string>
				<string>F4A293262793B2F0EE7A3F00</string>
				<string>604BC9C503A1116A56C9AA01</string>
			</array>
			<key>isa</key>
			<string>PBXGroup</string>
			<key>name</key>
			<string>Frameworks</string>
			<key>sourceTree</key>
			<string>&lt;group&gt;</string>
		</dict>
		<key>604BC9C503A1116A56C9AA01</key>
		<dict>
			<key>explicitFileType</key>
			<string>wrapper.framework</string>
			<key>includeInIndex</key>
			<string>0</string>
			<key>isa</key>
			<string>PBXFileReference</string>
			<key>path</key>
			<string>Pods_EarthQuakeMonitor.framework</string>
			<key>sourceTree</key>
			<string>BUILT_PRODUCTS_DIR</string>
		</dict>
		<key>680F41CB5B43413121CAAAE6</key>
		<dict>
			<key>fileRef</key>
			<string>604BC9C503A1116A56C9AA01</string>
			<key>isa</key>
			<string>PBXBuildFile</string>
		</dict>
		<key>73A4EEF8BBD8B04C7D51604E</key>
		<dict>
			<key>includeInIndex</key>
			<string>1</string>
			<key>isa</key>
			<string>PBXFileReference</string>
			<key>lastKnownFileType</key>
			<string>text.xcconfig</string>
			<key>name</key>
			<string>Pods.release.xcconfig</string>
			<key>path</key>
			<string>Pods/Target Support Files/Pods/Pods.release.xcconfig</string>
			<key>sourceTree</key>
			<string>&lt;group&gt;</string>
		</dict>
		<key>80FDE624924211C7E02059E9</key>
		<dict>
			<key>includeInIndex</key>
			<string>1</string>
			<key>isa</key>
			<string>PBXFileReference</string>
			<key>lastKnownFileType</key>
			<string>text.xcconfig</string>
			<key>name</key>
			<string>Pods.debug.xcconfig</string>
			<key>path</key>
			<string>Pods/Target Support Files/Pods/Pods.debug.xcconfig</string>
			<key>sourceTree</key>
			<string>&lt;group&gt;</string>
		</dict>
		<key>AA242F181CAC705D00A88E04</key>
		<dict>
			<key>fileEncoding</key>
			<string>4</string>
			<key>isa</key>
			<string>PBXFileReference</string>
			<key>lastKnownFileType</key>
			<string>sourcecode.swift</string>
			<key>path</key>
			<string>CustomizedAnnotationView.swift</string>
			<key>sourceTree</key>
			<string>&lt;group&gt;</string>
		</dict>
		<key>AA242F191CAC705D00A88E04</key>
		<dict>
			<key>fileRef</key>
			<string>AA242F181CAC705D00A88E04</string>
			<key>isa</key>
			<string>PBXBuildFile</string>
		</dict>
		<key>AA242F1A1CAC789900A88E04</key>
		<dict>
			<key>fileEncoding</key>
			<string>4</string>
			<key>isa</key>
			<string>PBXFileReference</string>
			<key>lastKnownFileType</key>
			<string>sourcecode.swift</string>
			<key>path</key>
			<string>CustomizedAnnotation.swift</string>
			<key>sourceTree</key>
			<string>&lt;group&gt;</string>
		</dict>
		<key>AA242F1B1CAC789900A88E04</key>
		<dict>
			<key>fileRef</key>
			<string>AA242F1A1CAC789900A88E04</string>
			<key>isa</key>
			<string>PBXBuildFile</string>
		</dict>
		<key>AA5FD3811CA092E100C9DD64</key>
		<dict>
			<key>children</key>
			<array>
				<string>AA5FD38C1CA092E100C9DD64</string>
				<string>AA5FD3A31CA092E100C9DD64</string>
				<string>AA5FD3AE1CA092E100C9DD64</string>
				<string>AA5FD38B1CA092E100C9DD64</string>
				<string>E6EF11A618E070CF58CE8B71</string>
				<string>31FBF04D8E1589488CD77D00</string>
			</array>
			<key>isa</key>
			<string>PBXGroup</string>
			<key>sourceTree</key>
			<string>&lt;group&gt;</string>
		</dict>
		<key>AA5FD3821CA092E100C9DD64</key>
		<dict>
			<key>attributes</key>
			<dict>
				<key>LastSwiftUpdateCheck</key>
				<string>0720</string>
				<key>LastUpgradeCheck</key>
				<string>0720</string>
				<key>ORGANIZATIONNAME</key>
				<string>athenahealth</string>
				<key>TargetAttributes</key>
				<dict>
					<key>AA5FD3891CA092E100C9DD64</key>
					<dict>
						<key>CreatedOnToolsVersion</key>
						<string>7.2.1</string>
					</dict>
					<key>AA5FD39F1CA092E100C9DD64</key>
					<dict>
						<key>CreatedOnToolsVersion</key>
						<string>7.2.1</string>
						<key>TestTargetID</key>
						<string>AA5FD3891CA092E100C9DD64</string>
					</dict>
					<key>AA5FD3AA1CA092E100C9DD64</key>
					<dict>
						<key>CreatedOnToolsVersion</key>
						<string>7.2.1</string>
						<key>TestTargetID</key>
						<string>AA5FD3891CA092E100C9DD64</string>
					</dict>
				</dict>
			</dict>
			<key>buildConfigurationList</key>
			<string>AA5FD3851CA092E100C9DD64</string>
			<key>compatibilityVersion</key>
			<string>Xcode 3.2</string>
			<key>developmentRegion</key>
			<string>English</string>
			<key>hasScannedForEncodings</key>
			<string>0</string>
			<key>isa</key>
			<string>PBXProject</string>
			<key>knownRegions</key>
			<array>
				<string>en</string>
				<string>Base</string>
			</array>
			<key>mainGroup</key>
			<string>AA5FD3811CA092E100C9DD64</string>
			<key>productRefGroup</key>
			<string>AA5FD38B1CA092E100C9DD64</string>
			<key>projectDirPath</key>
			<string></string>
			<key>projectReferences</key>
			<array/>
			<key>projectRoot</key>
			<string></string>
			<key>targets</key>
			<array>
				<string>AA5FD3891CA092E100C9DD64</string>
				<string>AA5FD39F1CA092E100C9DD64</string>
				<string>AA5FD3AA1CA092E100C9DD64</string>
			</array>
		</dict>
		<key>AA5FD3851CA092E100C9DD64</key>
		<dict>
			<key>buildConfigurations</key>
			<array>
				<string>AA5FD3B21CA092E100C9DD64</string>
				<string>AA5FD3B31CA092E100C9DD64</string>
			</array>
			<key>defaultConfigurationIsVisible</key>
			<string>0</string>
			<key>defaultConfigurationName</key>
			<string>Release</string>
			<key>isa</key>
			<string>XCConfigurationList</string>
		</dict>
		<key>AA5FD3861CA092E100C9DD64</key>
		<dict>
			<key>buildActionMask</key>
			<string>2147483647</string>
			<key>files</key>
			<array>
				<string>AA242F191CAC705D00A88E04</string>
				<string>AA5FD3C61CA0B10D00C9DD64</string>
				<string>AA5FD4551CA49AED00C9DD64</string>
				<string>AA242F1B1CAC789900A88E04</string>
				<string>AA5FD40F1CA315E600C9DD64</string>
				<string>AA5FD45D1CA5DCC800C9DD64</string>
				<string>AA5FD38E1CA092E100C9DD64</string>
				<string>AA5FD3C01CA0A22B00C9DD64</string>
				<string>AA5FD4571CA5A70600C9DD64</string>
				<string>AA5FD3BE1CA0953000C9DD64</string>
			</array>
			<key>isa</key>
			<string>PBXSourcesBuildPhase</string>
			<key>runOnlyForDeploymentPostprocessing</key>
			<string>0</string>
		</dict>
		<key>AA5FD3871CA092E100C9DD64</key>
		<dict>
			<key>buildActionMask</key>
			<string>2147483647</string>
			<key>files</key>
			<array>
				<string>AA5FD40D1CA3146D00C9DD64</string>
				<string>1230A180D422E7D6A5941574</string>
				<string>680F41CB5B43413121CAAAE6</string>
			</array>
			<key>isa</key>
			<string>PBXFrameworksBuildPhase</string>
			<key>runOnlyForDeploymentPostprocessing</key>
			<string>0</string>
		</dict>
		<key>AA5FD3881CA092E100C9DD64</key>
		<dict>
			<key>buildActionMask</key>
			<string>2147483647</string>
			<key>files</key>
			<array>
				<string>AA5FD39A1CA092E100C9DD64</string>
				<string>AA5FD4621CA5FD8800C9DD64</string>
				<string>AA5FD3971CA092E100C9DD64</string>
				<string>AA5FD3951CA092E100C9DD64</string>
			</array>
			<key>isa</key>
			<string>PBXResourcesBuildPhase</string>
			<key>runOnlyForDeploymentPostprocessing</key>
			<string>0</string>
		</dict>
		<key>AA5FD3891CA092E100C9DD64</key>
		<dict>
			<key>buildConfigurationList</key>
			<string>AA5FD3B41CA092E100C9DD64</string>
			<key>buildPhases</key>
			<array>
				<string>0A42722DA3753B71A1ECE480</string>
				<string>AA5FD3861CA092E100C9DD64</string>
				<string>AA5FD3871CA092E100C9DD64</string>
				<string>AA5FD3881CA092E100C9DD64</string>
				<string>AEF40EC99C69F4886A301352</string>
				<string>EF343750EF2CCFEBC4B69DA4</string>
			</array>
			<key>buildRules</key>
			<array/>
			<key>dependencies</key>
			<array/>
			<key>isa</key>
			<string>PBXNativeTarget</string>
			<key>name</key>
			<string>EarthQuakeMonitor</string>
			<key>productName</key>
			<string>EarthQuakeMonitor</string>
			<key>productReference</key>
			<string>AA5FD38A1CA092E100C9DD64</string>
			<key>productType</key>
			<string>com.apple.product-type.application</string>
		</dict>
		<key>AA5FD38A1CA092E100C9DD64</key>
		<dict>
			<key>explicitFileType</key>
			<string>wrapper.application</string>
			<key>includeInIndex</key>
			<string>0</string>
			<key>isa</key>
			<string>PBXFileReference</string>
			<key>path</key>
			<string>EarthQuakeMonitor.app</string>
			<key>sourceTree</key>
			<string>BUILT_PRODUCTS_DIR</string>
		</dict>
		<key>AA5FD38B1CA092E100C9DD64</key>
		<dict>
			<key>children</key>
			<array>
				<string>AA5FD38A1CA092E100C9DD64</string>
				<string>AA5FD3A01CA092E100C9DD64</string>
				<string>AA5FD3AB1CA092E100C9DD64</string>
			</array>
			<key>isa</key>
			<string>PBXGroup</string>
			<key>name</key>
			<string>Products</string>
			<key>sourceTree</key>
			<string>&lt;group&gt;</string>
		</dict>
		<key>AA5FD38C1CA092E100C9DD64</key>
		<dict>
			<key>children</key>
			<array>
				<string>AA5FD45A1CA5D6E700C9DD64</string>
				<string>AA5FD38D1CA092E100C9DD64</string>
				<string>AA5FD3931CA092E100C9DD64</string>
				<string>AA5FD3961CA092E100C9DD64</string>
				<string>AA5FD3981CA092E100C9DD64</string>
				<string>AA5FD39B1CA092E100C9DD64</string>
				<string>AA5FD3BD1CA0952F00C9DD64</string>
				<string>AA5FD3BF1CA0A22B00C9DD64</string>
				<string>AA5FD3C51CA0B10D00C9DD64</string>
				<string>AA5FD40E1CA315E600C9DD64</string>
				<string>AA5FD4541CA49AED00C9DD64</string>
				<string>AA5FD4561CA5A70600C9DD64</string>
				<string>AA242F181CAC705D00A88E04</string>
				<string>AA242F1A1CAC789900A88E04</string>
			</array>
			<key>isa</key>
			<string>PBXGroup</string>
			<key>path</key>
			<string>EarthQuakeMonitor</string>
			<key>sourceTree</key>
			<string>&lt;group&gt;</string>
		</dict>
		<key>AA5FD38D1CA092E100C9DD64</key>
		<dict>
			<key>isa</key>
			<string>PBXFileReference</string>
			<key>lastKnownFileType</key>
			<string>sourcecode.swift</string>
			<key>path</key>
			<string>AppDelegate.swift</string>
			<key>sourceTree</key>
			<string>&lt;group&gt;</string>
		</dict>
		<key>AA5FD38E1CA092E100C9DD64</key>
		<dict>
			<key>fileRef</key>
			<string>AA5FD38D1CA092E100C9DD64</string>
			<key>isa</key>
			<string>PBXBuildFile</string>
		</dict>
		<key>AA5FD3931CA092E100C9DD64</key>
		<dict>
			<key>children</key>
			<array>
				<string>AA5FD3941CA092E100C9DD64</string>
			</array>
			<key>isa</key>
			<string>PBXVariantGroup</string>
			<key>name</key>
			<string>Main.storyboard</string>
			<key>sourceTree</key>
			<string>&lt;group&gt;</string>
		</dict>
		<key>AA5FD3941CA092E100C9DD64</key>
		<dict>
			<key>isa</key>
			<string>PBXFileReference</string>
			<key>lastKnownFileType</key>
			<string>file.storyboard</string>
			<key>name</key>
			<string>Base</string>
			<key>path</key>
			<string>Base.lproj/Main.storyboard</string>
			<key>sourceTree</key>
			<string>&lt;group&gt;</string>
		</dict>
		<key>AA5FD3951CA092E100C9DD64</key>
		<dict>
			<key>fileRef</key>
			<string>AA5FD3931CA092E100C9DD64</string>
			<key>isa</key>
			<string>PBXBuildFile</string>
		</dict>
		<key>AA5FD3961CA092E100C9DD64</key>
		<dict>
			<key>isa</key>
			<string>PBXFileReference</string>
			<key>lastKnownFileType</key>
			<string>folder.assetcatalog</string>
			<key>path</key>
			<string>Assets.xcassets</string>
			<key>sourceTree</key>
			<string>&lt;group&gt;</string>
		</dict>
		<key>AA5FD3971CA092E100C9DD64</key>
		<dict>
			<key>fileRef</key>
			<string>AA5FD3961CA092E100C9DD64</string>
			<key>isa</key>
			<string>PBXBuildFile</string>
		</dict>
		<key>AA5FD3981CA092E100C9DD64</key>
		<dict>
			<key>children</key>
			<array>
				<string>AA5FD3991CA092E100C9DD64</string>
			</array>
			<key>isa</key>
			<string>PBXVariantGroup</string>
			<key>name</key>
			<string>LaunchScreen.storyboard</string>
			<key>sourceTree</key>
			<string>&lt;group&gt;</string>
		</dict>
		<key>AA5FD3991CA092E100C9DD64</key>
		<dict>
			<key>isa</key>
			<string>PBXFileReference</string>
			<key>lastKnownFileType</key>
			<string>file.storyboard</string>
			<key>name</key>
			<string>Base</string>
			<key>path</key>
			<string>Base.lproj/LaunchScreen.storyboard</string>
			<key>sourceTree</key>
			<string>&lt;group&gt;</string>
		</dict>
		<key>AA5FD39A1CA092E100C9DD64</key>
		<dict>
			<key>fileRef</key>
			<string>AA5FD3981CA092E100C9DD64</string>
			<key>isa</key>
			<string>PBXBuildFile</string>
		</dict>
		<key>AA5FD39B1CA092E100C9DD64</key>
		<dict>
			<key>isa</key>
			<string>PBXFileReference</string>
			<key>lastKnownFileType</key>
			<string>text.plist.xml</string>
			<key>path</key>
			<string>Info.plist</string>
			<key>sourceTree</key>
			<string>&lt;group&gt;</string>
		</dict>
		<key>AA5FD39C1CA092E100C9DD64</key>
		<dict>
			<key>buildActionMask</key>
			<string>2147483647</string>
			<key>files</key>
			<array>
				<string>AA5FD3A51CA092E100C9DD64</string>
			</array>
			<key>isa</key>
			<string>PBXSourcesBuildPhase</string>
			<key>runOnlyForDeploymentPostprocessing</key>
			<string>0</string>
		</dict>
		<key>AA5FD39D1CA092E100C9DD64</key>
		<dict>
			<key>buildActionMask</key>
			<string>2147483647</string>
			<key>files</key>
			<array/>
			<key>isa</key>
			<string>PBXFrameworksBuildPhase</string>
			<key>runOnlyForDeploymentPostprocessing</key>
			<string>0</string>
		</dict>
		<key>AA5FD39E1CA092E100C9DD64</key>
		<dict>
			<key>buildActionMask</key>
			<string>2147483647</string>
			<key>files</key>
			<array/>
			<key>isa</key>
			<string>PBXResourcesBuildPhase</string>
			<key>runOnlyForDeploymentPostprocessing</key>
			<string>0</string>
		</dict>
		<key>AA5FD39F1CA092E100C9DD64</key>
		<dict>
			<key>buildConfigurationList</key>
			<string>AA5FD3B71CA092E100C9DD64</string>
			<key>buildPhases</key>
			<array>
				<string>AA5FD39C1CA092E100C9DD64</string>
				<string>AA5FD39D1CA092E100C9DD64</string>
				<string>AA5FD39E1CA092E100C9DD64</string>
			</array>
			<key>buildRules</key>
			<array/>
			<key>dependencies</key>
			<array>
				<string>AA5FD3A21CA092E100C9DD64</string>
			</array>
			<key>isa</key>
			<string>PBXNativeTarget</string>
			<key>name</key>
			<string>EarthQuakeMonitorTests</string>
			<key>productName</key>
			<string>EarthQuakeMonitorTests</string>
			<key>productReference</key>
			<string>AA5FD3A01CA092E100C9DD64</string>
			<key>productType</key>
			<string>com.apple.product-type.bundle.unit-test</string>
		</dict>
		<key>AA5FD3A01CA092E100C9DD64</key>
		<dict>
			<key>explicitFileType</key>
			<string>wrapper.cfbundle</string>
			<key>includeInIndex</key>
			<string>0</string>
			<key>isa</key>
			<string>PBXFileReference</string>
			<key>path</key>
			<string>EarthQuakeMonitorTests.xctest</string>
			<key>sourceTree</key>
			<string>BUILT_PRODUCTS_DIR</string>
		</dict>
		<key>AA5FD3A11CA092E100C9DD64</key>
		<dict>
			<key>containerPortal</key>
			<string>AA5FD3821CA092E100C9DD64</string>
			<key>isa</key>
			<string>PBXContainerItemProxy</string>
			<key>proxyType</key>
			<string>1</string>
			<key>remoteGlobalIDString</key>
			<string>AA5FD3891CA092E100C9DD64</string>
			<key>remoteInfo</key>
			<string>EarthQuakeMonitor</string>
		</dict>
		<key>AA5FD3A21CA092E100C9DD64</key>
		<dict>
			<key>isa</key>
			<string>PBXTargetDependency</string>
			<key>target</key>
			<string>AA5FD3891CA092E100C9DD64</string>
			<key>targetProxy</key>
			<string>AA5FD3A11CA092E100C9DD64</string>
		</dict>
		<key>AA5FD3A31CA092E100C9DD64</key>
		<dict>
			<key>children</key>
			<array>
				<string>AA5FD3A41CA092E100C9DD64</string>
				<string>AA5FD3A61CA092E100C9DD64</string>
			</array>
			<key>isa</key>
			<string>PBXGroup</string>
			<key>path</key>
			<string>EarthQuakeMonitorTests</string>
			<key>sourceTree</key>
			<string>&lt;group&gt;</string>
		</dict>
		<key>AA5FD3A41CA092E100C9DD64</key>
		<dict>
			<key>isa</key>
			<string>PBXFileReference</string>
			<key>lastKnownFileType</key>
			<string>sourcecode.swift</string>
			<key>path</key>
			<string>EarthQuakeMonitorTests.swift</string>
			<key>sourceTree</key>
			<string>&lt;group&gt;</string>
		</dict>
		<key>AA5FD3A51CA092E100C9DD64</key>
		<dict>
			<key>fileRef</key>
			<string>AA5FD3A41CA092E100C9DD64</string>
			<key>isa</key>
			<string>PBXBuildFile</string>
		</dict>
		<key>AA5FD3A61CA092E100C9DD64</key>
		<dict>
			<key>isa</key>
			<string>PBXFileReference</string>
			<key>lastKnownFileType</key>
			<string>text.plist.xml</string>
			<key>path</key>
			<string>Info.plist</string>
			<key>sourceTree</key>
			<string>&lt;group&gt;</string>
		</dict>
		<key>AA5FD3A71CA092E100C9DD64</key>
		<dict>
			<key>buildActionMask</key>
			<string>2147483647</string>
			<key>files</key>
			<array>
				<string>AA5FD3B01CA092E100C9DD64</string>
			</array>
			<key>isa</key>
			<string>PBXSourcesBuildPhase</string>
			<key>runOnlyForDeploymentPostprocessing</key>
			<string>0</string>
		</dict>
		<key>AA5FD3A81CA092E100C9DD64</key>
		<dict>
			<key>buildActionMask</key>
			<string>2147483647</string>
			<key>files</key>
			<array/>
			<key>isa</key>
			<string>PBXFrameworksBuildPhase</string>
			<key>runOnlyForDeploymentPostprocessing</key>
			<string>0</string>
		</dict>
		<key>AA5FD3A91CA092E100C9DD64</key>
		<dict>
			<key>buildActionMask</key>
			<string>2147483647</string>
			<key>files</key>
			<array/>
			<key>isa</key>
			<string>PBXResourcesBuildPhase</string>
			<key>runOnlyForDeploymentPostprocessing</key>
			<string>0</string>
		</dict>
		<key>AA5FD3AA1CA092E100C9DD64</key>
		<dict>
			<key>buildConfigurationList</key>
			<string>AA5FD3BA1CA092E100C9DD64</string>
			<key>buildPhases</key>
			<array>
				<string>AA5FD3A71CA092E100C9DD64</string>
				<string>AA5FD3A81CA092E100C9DD64</string>
				<string>AA5FD3A91CA092E100C9DD64</string>
			</array>
			<key>buildRules</key>
			<array/>
			<key>dependencies</key>
			<array>
				<string>AA5FD3AD1CA092E100C9DD64</string>
			</array>
			<key>isa</key>
			<string>PBXNativeTarget</string>
			<key>name</key>
			<string>EarthQuakeMonitorUITests</string>
			<key>productName</key>
			<string>EarthQuakeMonitorUITests</string>
			<key>productReference</key>
			<string>AA5FD3AB1CA092E100C9DD64</string>
			<key>productType</key>
			<string>com.apple.product-type.bundle.ui-testing</string>
		</dict>
		<key>AA5FD3AB1CA092E100C9DD64</key>
		<dict>
			<key>explicitFileType</key>
			<string>wrapper.cfbundle</string>
			<key>includeInIndex</key>
			<string>0</string>
			<key>isa</key>
			<string>PBXFileReference</string>
			<key>path</key>
			<string>EarthQuakeMonitorUITests.xctest</string>
			<key>sourceTree</key>
			<string>BUILT_PRODUCTS_DIR</string>
		</dict>
		<key>AA5FD3AC1CA092E100C9DD64</key>
		<dict>
			<key>containerPortal</key>
			<string>AA5FD3821CA092E100C9DD64</string>
			<key>isa</key>
			<string>PBXContainerItemProxy</string>
			<key>proxyType</key>
			<string>1</string>
			<key>remoteGlobalIDString</key>
			<string>AA5FD3891CA092E100C9DD64</string>
			<key>remoteInfo</key>
			<string>EarthQuakeMonitor</string>
		</dict>
		<key>AA5FD3AD1CA092E100C9DD64</key>
		<dict>
			<key>isa</key>
			<string>PBXTargetDependency</string>
			<key>target</key>
			<string>AA5FD3891CA092E100C9DD64</string>
			<key>targetProxy</key>
			<string>AA5FD3AC1CA092E100C9DD64</string>
		</dict>
		<key>AA5FD3AE1CA092E100C9DD64</key>
		<dict>
			<key>children</key>
			<array>
				<string>AA5FD3AF1CA092E100C9DD64</string>
				<string>AA5FD3B11CA092E100C9DD64</string>
			</array>
			<key>isa</key>
			<string>PBXGroup</string>
			<key>path</key>
			<string>EarthQuakeMonitorUITests</string>
			<key>sourceTree</key>
			<string>&lt;group&gt;</string>
		</dict>
		<key>AA5FD3AF1CA092E100C9DD64</key>
		<dict>
			<key>isa</key>
			<string>PBXFileReference</string>
			<key>lastKnownFileType</key>
			<string>sourcecode.swift</string>
			<key>path</key>
			<string>EarthQuakeMonitorUITests.swift</string>
			<key>sourceTree</key>
			<string>&lt;group&gt;</string>
		</dict>
		<key>AA5FD3B01CA092E100C9DD64</key>
		<dict>
			<key>fileRef</key>
			<string>AA5FD3AF1CA092E100C9DD64</string>
			<key>isa</key>
			<string>PBXBuildFile</string>
		</dict>
		<key>AA5FD3B11CA092E100C9DD64</key>
		<dict>
			<key>isa</key>
			<string>PBXFileReference</string>
			<key>lastKnownFileType</key>
			<string>text.plist.xml</string>
			<key>path</key>
			<string>Info.plist</string>
			<key>sourceTree</key>
			<string>&lt;group&gt;</string>
		</dict>
		<key>AA5FD3B21CA092E100C9DD64</key>
		<dict>
			<key>buildSettings</key>
			<dict>
				<key>ALWAYS_SEARCH_USER_PATHS</key>
				<string>NO</string>
				<key>CLANG_CXX_LANGUAGE_STANDARD</key>
				<string>gnu++0x</string>
				<key>CLANG_CXX_LIBRARY</key>
				<string>libc++</string>
				<key>CLANG_ENABLE_MODULES</key>
				<string>YES</string>
				<key>CLANG_ENABLE_OBJC_ARC</key>
				<string>YES</string>
				<key>CLANG_WARN_BOOL_CONVERSION</key>
				<string>YES</string>
				<key>CLANG_WARN_CONSTANT_CONVERSION</key>
				<string>YES</string>
				<key>CLANG_WARN_DIRECT_OBJC_ISA_USAGE</key>
				<string>YES_ERROR</string>
				<key>CLANG_WARN_EMPTY_BODY</key>
				<string>YES</string>
				<key>CLANG_WARN_ENUM_CONVERSION</key>
				<string>YES</string>
				<key>CLANG_WARN_INT_CONVERSION</key>
				<string>YES</string>
				<key>CLANG_WARN_OBJC_ROOT_CLASS</key>
				<string>YES_ERROR</string>
				<key>CLANG_WARN_UNREACHABLE_CODE</key>
				<string>YES</string>
				<key>CLANG_WARN__DUPLICATE_METHOD_MATCH</key>
				<string>YES</string>
				<key>CODE_SIGN_IDENTITY[sdk=iphoneos*]</key>
				<string>iPhone Developer</string>
				<key>COPY_PHASE_STRIP</key>
				<string>NO</string>
				<key>DEBUG_INFORMATION_FORMAT</key>
				<string>dwarf</string>
				<key>ENABLE_STRICT_OBJC_MSGSEND</key>
				<string>YES</string>
				<key>ENABLE_TESTABILITY</key>
				<string>YES</string>
				<key>GCC_C_LANGUAGE_STANDARD</key>
				<string>gnu99</string>
				<key>GCC_DYNAMIC_NO_PIC</key>
				<string>NO</string>
				<key>GCC_NO_COMMON_BLOCKS</key>
				<string>YES</string>
				<key>GCC_OPTIMIZATION_LEVEL</key>
				<string>0</string>
				<key>GCC_PREPROCESSOR_DEFINITIONS</key>
				<array>
					<string>DEBUG=1</string>
					<string>$(inherited)</string>
				</array>
				<key>GCC_WARN_64_TO_32_BIT_CONVERSION</key>
				<string>YES</string>
				<key>GCC_WARN_ABOUT_RETURN_TYPE</key>
				<string>YES_ERROR</string>
				<key>GCC_WARN_UNDECLARED_SELECTOR</key>
				<string>YES</string>
				<key>GCC_WARN_UNINITIALIZED_AUTOS</key>
				<string>YES_AGGRESSIVE</string>
				<key>GCC_WARN_UNUSED_FUNCTION</key>
				<string>YES</string>
				<key>GCC_WARN_UNUSED_VARIABLE</key>
				<string>YES</string>
				<key>IPHONEOS_DEPLOYMENT_TARGET</key>
				<string>9.0</string>
				<key>MTL_ENABLE_DEBUG_INFO</key>
				<string>YES</string>
				<key>ONLY_ACTIVE_ARCH</key>
				<string>YES</string>
				<key>SDKROOT</key>
				<string>iphoneos</string>
				<key>SWIFT_OPTIMIZATION_LEVEL</key>
				<string>-Onone</string>
			</dict>
			<key>isa</key>
			<string>XCBuildConfiguration</string>
			<key>name</key>
			<string>Debug</string>
		</dict>
		<key>AA5FD3B31CA092E100C9DD64</key>
		<dict>
			<key>buildSettings</key>
			<dict>
				<key>ALWAYS_SEARCH_USER_PATHS</key>
				<string>NO</string>
				<key>CLANG_CXX_LANGUAGE_STANDARD</key>
				<string>gnu++0x</string>
				<key>CLANG_CXX_LIBRARY</key>
				<string>libc++</string>
				<key>CLANG_ENABLE_MODULES</key>
				<string>YES</string>
				<key>CLANG_ENABLE_OBJC_ARC</key>
				<string>YES</string>
				<key>CLANG_WARN_BOOL_CONVERSION</key>
				<string>YES</string>
				<key>CLANG_WARN_CONSTANT_CONVERSION</key>
				<string>YES</string>
				<key>CLANG_WARN_DIRECT_OBJC_ISA_USAGE</key>
				<string>YES_ERROR</string>
				<key>CLANG_WARN_EMPTY_BODY</key>
				<string>YES</string>
				<key>CLANG_WARN_ENUM_CONVERSION</key>
				<string>YES</string>
				<key>CLANG_WARN_INT_CONVERSION</key>
				<string>YES</string>
				<key>CLANG_WARN_OBJC_ROOT_CLASS</key>
				<string>YES_ERROR</string>
				<key>CLANG_WARN_UNREACHABLE_CODE</key>
				<string>YES</string>
				<key>CLANG_WARN__DUPLICATE_METHOD_MATCH</key>
				<string>YES</string>
				<key>CODE_SIGN_IDENTITY[sdk=iphoneos*]</key>
				<string>iPhone Developer</string>
				<key>COPY_PHASE_STRIP</key>
				<string>NO</string>
				<key>DEBUG_INFORMATION_FORMAT</key>
				<string>dwarf-with-dsym</string>
				<key>ENABLE_NS_ASSERTIONS</key>
				<string>NO</string>
				<key>ENABLE_STRICT_OBJC_MSGSEND</key>
				<string>YES</string>
				<key>GCC_C_LANGUAGE_STANDARD</key>
				<string>gnu99</string>
				<key>GCC_NO_COMMON_BLOCKS</key>
				<string>YES</string>
				<key>GCC_WARN_64_TO_32_BIT_CONVERSION</key>
				<string>YES</string>
				<key>GCC_WARN_ABOUT_RETURN_TYPE</key>
				<string>YES_ERROR</string>
				<key>GCC_WARN_UNDECLARED_SELECTOR</key>
				<string>YES</string>
				<key>GCC_WARN_UNINITIALIZED_AUTOS</key>
				<string>YES_AGGRESSIVE</string>
				<key>GCC_WARN_UNUSED_FUNCTION</key>
				<string>YES</string>
				<key>GCC_WARN_UNUSED_VARIABLE</key>
				<string>YES</string>
				<key>IPHONEOS_DEPLOYMENT_TARGET</key>
				<string>9.0</string>
				<key>MTL_ENABLE_DEBUG_INFO</key>
				<string>NO</string>
				<key>SDKROOT</key>
				<string>iphoneos</string>
				<key>VALIDATE_PRODUCT</key>
				<string>YES</string>
			</dict>
			<key>isa</key>
			<string>XCBuildConfiguration</string>
			<key>name</key>
			<string>Release</string>
		</dict>
		<key>AA5FD3B41CA092E100C9DD64</key>
		<dict>
			<key>buildConfigurations</key>
			<array>
				<string>AA5FD3B51CA092E100C9DD64</string>
				<string>AA5FD3B61CA092E100C9DD64</string>
			</array>
			<key>defaultConfigurationIsVisible</key>
			<string>0</string>
			<key>defaultConfigurationName</key>
			<string>Release</string>
			<key>isa</key>
			<string>XCConfigurationList</string>
		</dict>
		<key>AA5FD3B51CA092E100C9DD64</key>
		<dict>
			<key>baseConfigurationReference</key>
			<string>80FDE624924211C7E02059E9</string>
			<key>buildSettings</key>
			<dict>
				<key>ASSETCATALOG_COMPILER_APPICON_NAME</key>
				<string>AppIcon</string>
				<key>CODE_SIGN_IDENTITY</key>
				<string>iPhone Developer</string>
				<key>INFOPLIST_FILE</key>
				<string>EarthQuakeMonitor/Info.plist</string>
				<key>LD_RUNPATH_SEARCH_PATHS</key>
				<string>$(inherited) @executable_path/Frameworks</string>
				<key>PRODUCT_BUNDLE_IDENTIFIER</key>
				<string>com.Epocrates.EarthQuakeMonitor</string>
				<key>PRODUCT_NAME</key>
				<string>$(TARGET_NAME)</string>
				<key>TARGETED_DEVICE_FAMILY</key>
				<string>1,2</string>
			</dict>
			<key>isa</key>
			<string>XCBuildConfiguration</string>
			<key>name</key>
			<string>Debug</string>
		</dict>
		<key>AA5FD3B61CA092E100C9DD64</key>
		<dict>
			<key>baseConfigurationReference</key>
			<string>73A4EEF8BBD8B04C7D51604E</string>
			<key>buildSettings</key>
			<dict>
				<key>ASSETCATALOG_COMPILER_APPICON_NAME</key>
				<string>AppIcon</string>
				<key>CODE_SIGN_IDENTITY</key>
				<string>iPhone Developer</string>
				<key>INFOPLIST_FILE</key>
				<string>EarthQuakeMonitor/Info.plist</string>
				<key>LD_RUNPATH_SEARCH_PATHS</key>
				<string>$(inherited) @executable_path/Frameworks</string>
				<key>PRODUCT_BUNDLE_IDENTIFIER</key>
				<string>com.Epocrates.EarthQuakeMonitor</string>
				<key>PRODUCT_NAME</key>
				<string>$(TARGET_NAME)</string>
				<key>TARGETED_DEVICE_FAMILY</key>
				<string>1,2</string>
			</dict>
			<key>isa</key>
			<string>XCBuildConfiguration</string>
			<key>name</key>
			<string>Release</string>
		</dict>
		<key>AA5FD3B71CA092E100C9DD64</key>
		<dict>
			<key>buildConfigurations</key>
			<array>
				<string>AA5FD3B81CA092E100C9DD64</string>
				<string>AA5FD3B91CA092E100C9DD64</string>
			</array>
			<key>defaultConfigurationIsVisible</key>
			<string>0</string>
			<key>defaultConfigurationName</key>
			<string>Release</string>
			<key>isa</key>
			<string>XCConfigurationList</string>
		</dict>
		<key>AA5FD3B81CA092E100C9DD64</key>
		<dict>
			<key>buildSettings</key>
			<dict>
				<key>BUNDLE_LOADER</key>
				<string>$(TEST_HOST)</string>
				<key>INFOPLIST_FILE</key>
				<string>EarthQuakeMonitorTests/Info.plist</string>
				<key>LD_RUNPATH_SEARCH_PATHS</key>
				<string>$(inherited) @executable_path/Frameworks @loader_path/Frameworks</string>
				<key>PRODUCT_BUNDLE_IDENTIFIER</key>
				<string>com.Epocrates.EarthQuakeMonitorTests</string>
				<key>PRODUCT_NAME</key>
				<string>$(TARGET_NAME)</string>
				<key>TEST_HOST</key>
				<string>$(BUILT_PRODUCTS_DIR)/EarthQuakeMonitor.app/EarthQuakeMonitor</string>
			</dict>
			<key>isa</key>
			<string>XCBuildConfiguration</string>
			<key>name</key>
			<string>Debug</string>
		</dict>
		<key>AA5FD3B91CA092E100C9DD64</key>
		<dict>
			<key>buildSettings</key>
			<dict>
				<key>BUNDLE_LOADER</key>
				<string>$(TEST_HOST)</string>
				<key>INFOPLIST_FILE</key>
				<string>EarthQuakeMonitorTests/Info.plist</string>
				<key>LD_RUNPATH_SEARCH_PATHS</key>
				<string>$(inherited) @executable_path/Frameworks @loader_path/Frameworks</string>
				<key>PRODUCT_BUNDLE_IDENTIFIER</key>
				<string>com.Epocrates.EarthQuakeMonitorTests</string>
				<key>PRODUCT_NAME</key>
				<string>$(TARGET_NAME)</string>
				<key>TEST_HOST</key>
				<string>$(BUILT_PRODUCTS_DIR)/EarthQuakeMonitor.app/EarthQuakeMonitor</string>
			</dict>
			<key>isa</key>
			<string>XCBuildConfiguration</string>
			<key>name</key>
			<string>Release</string>
		</dict>
		<key>AA5FD3BA1CA092E100C9DD64</key>
		<dict>
			<key>buildConfigurations</key>
			<array>
				<string>AA5FD3BB1CA092E100C9DD64</string>
				<string>AA5FD3BC1CA092E100C9DD64</string>
			</array>
			<key>defaultConfigurationIsVisible</key>
			<string>0</string>
			<key>defaultConfigurationName</key>
			<string>Release</string>
			<key>isa</key>
			<string>XCConfigurationList</string>
		</dict>
		<key>AA5FD3BB1CA092E100C9DD64</key>
		<dict>
			<key>buildSettings</key>
			<dict>
				<key>INFOPLIST_FILE</key>
				<string>EarthQuakeMonitorUITests/Info.plist</string>
				<key>LD_RUNPATH_SEARCH_PATHS</key>
				<string>$(inherited) @executable_path/Frameworks @loader_path/Frameworks</string>
				<key>PRODUCT_BUNDLE_IDENTIFIER</key>
				<string>com.Epocrates.EarthQuakeMonitorUITests</string>
				<key>PRODUCT_NAME</key>
				<string>$(TARGET_NAME)</string>
				<key>TEST_TARGET_NAME</key>
				<string>EarthQuakeMonitor</string>
				<key>USES_XCTRUNNER</key>
				<string>YES</string>
			</dict>
			<key>isa</key>
			<string>XCBuildConfiguration</string>
			<key>name</key>
			<string>Debug</string>
		</dict>
		<key>AA5FD3BC1CA092E100C9DD64</key>
		<dict>
			<key>buildSettings</key>
			<dict>
				<key>INFOPLIST_FILE</key>
				<string>EarthQuakeMonitorUITests/Info.plist</string>
				<key>LD_RUNPATH_SEARCH_PATHS</key>
				<string>$(inherited) @executable_path/Frameworks @loader_path/Frameworks</string>
				<key>PRODUCT_BUNDLE_IDENTIFIER</key>
				<string>com.Epocrates.EarthQuakeMonitorUITests</string>
				<key>PRODUCT_NAME</key>
				<string>$(TARGET_NAME)</string>
				<key>TEST_TARGET_NAME</key>
				<string>EarthQuakeMonitor</string>
				<key>USES_XCTRUNNER</key>
				<string>YES</string>
			</dict>
			<key>isa</key>
			<string>XCBuildConfiguration</string>
			<key>name</key>
			<string>Release</string>
		</dict>
		<key>AA5FD3BD1CA0952F00C9DD64</key>
		<dict>
			<key>fileEncoding</key>
			<string>4</string>
			<key>isa</key>
			<string>PBXFileReference</string>
			<key>lastKnownFileType</key>
			<string>sourcecode.swift</string>
			<key>path</key>
			<string>EarthQuakeListViewController.swift</string>
			<key>sourceTree</key>
			<string>&lt;group&gt;</string>
		</dict>
		<key>AA5FD3BE1CA0953000C9DD64</key>
		<dict>
			<key>fileRef</key>
			<string>AA5FD3BD1CA0952F00C9DD64</string>
			<key>isa</key>
			<string>PBXBuildFile</string>
		</dict>
		<key>AA5FD3BF1CA0A22B00C9DD64</key>
		<dict>
			<key>fileEncoding</key>
			<string>4</string>
			<key>isa</key>
			<string>PBXFileReference</string>
			<key>lastKnownFileType</key>
			<string>sourcecode.swift</string>
			<key>path</key>
			<string>QuakeFeedOp.swift</string>
			<key>sourceTree</key>
			<string>&lt;group&gt;</string>
		</dict>
		<key>AA5FD3C01CA0A22B00C9DD64</key>
		<dict>
			<key>fileRef</key>
			<string>AA5FD3BF1CA0A22B00C9DD64</string>
			<key>isa</key>
			<string>PBXBuildFile</string>
		</dict>
		<key>AA5FD3C51CA0B10D00C9DD64</key>
		<dict>
			<key>fileEncoding</key>
			<string>4</string>
			<key>isa</key>
			<string>PBXFileReference</string>
			<key>lastKnownFileType</key>
			<string>sourcecode.swift</string>
			<key>path</key>
			<string>RequestManager.swift</string>
			<key>sourceTree</key>
			<string>&lt;group&gt;</string>
		</dict>
		<key>AA5FD3C61CA0B10D00C9DD64</key>
		<dict>
			<key>fileRef</key>
			<string>AA5FD3C51CA0B10D00C9DD64</string>
			<key>isa</key>
			<string>PBXBuildFile</string>
		</dict>
		<key>AA5FD40C1CA3146D00C9DD64</key>
		<dict>
			<key>isa</key>
			<string>PBXFileReference</string>
			<key>lastKnownFileType</key>
			<string>wrapper.framework</string>
			<key>name</key>
			<string>MapKit.framework</string>
			<key>path</key>
			<string>System/Library/Frameworks/MapKit.framework</string>
			<key>sourceTree</key>
			<string>SDKROOT</string>
		</dict>
		<key>AA5FD40D1CA3146D00C9DD64</key>
		<dict>
			<key>fileRef</key>
			<string>AA5FD40C1CA3146D00C9DD64</string>
			<key>isa</key>
			<string>PBXBuildFile</string>
		</dict>
		<key>AA5FD40E1CA315E600C9DD64</key>
		<dict>
			<key>fileEncoding</key>
			<string>4</string>
			<key>isa</key>
			<string>PBXFileReference</string>
			<key>lastKnownFileType</key>
			<string>sourcecode.swift</string>
			<key>path</key>
			<string>MapViewController.swift</string>
			<key>sourceTree</key>
			<string>&lt;group&gt;</string>
		</dict>
		<key>AA5FD40F1CA315E600C9DD64</key>
		<dict>
			<key>fileRef</key>
			<string>AA5FD40E1CA315E600C9DD64</string>
			<key>isa</key>
			<string>PBXBuildFile</string>
		</dict>
		<key>AA5FD4541CA49AED00C9DD64</key>
		<dict>
			<key>fileEncoding</key>
			<string>4</string>
			<key>isa</key>
			<string>PBXFileReference</string>
			<key>lastKnownFileType</key>
			<string>sourcecode.swift</string>
			<key>path</key>
			<string>SplitViewController.swift</string>
			<key>sourceTree</key>
			<string>&lt;group&gt;</string>
		</dict>
		<key>AA5FD4551CA49AED00C9DD64</key>
		<dict>
			<key>fileRef</key>
			<string>AA5FD4541CA49AED00C9DD64</string>
			<key>isa</key>
			<string>PBXBuildFile</string>
		</dict>
		<key>AA5FD4561CA5A70600C9DD64</key>
		<dict>
			<key>fileEncoding</key>
			<string>4</string>
			<key>isa</key>
			<string>PBXFileReference</string>
			<key>lastKnownFileType</key>
			<string>sourcecode.swift</string>
			<key>path</key>
			<string>TodayInEQHistoryViewController.swift</string>
			<key>sourceTree</key>
			<string>&lt;group&gt;</string>
		</dict>
		<key>AA5FD4571CA5A70600C9DD64</key>
		<dict>
			<key>fileRef</key>
			<string>AA5FD4561CA5A70600C9DD64</string>
			<key>isa</key>
			<string>PBXBuildFile</string>
		</dict>
		<key>AA5FD45A1CA5D6E700C9DD64</key>
		<dict>
			<key>children</key>
			<array>
				<string>AA5FD45B1CA5DCC800C9DD64</string>
				<string>AA5FD4611CA5FD8800C9DD64</string>
			</array>
			<key>isa</key>
			<string>PBXGroup</string>
			<key>name</key>
			<string>reusable</string>
			<key>sourceTree</key>
			<string>&lt;group&gt;</string>
		</dict>
		<key>AA5FD45B1CA5DCC800C9DD64</key>
		<dict>
			<key>fileEncoding</key>
			<string>4</string>
			<key>isa</key>
			<string>PBXFileReference</string>
			<key>lastKnownFileType</key>
			<string>sourcecode.swift</string>
			<key>path</key>
			<string>WebViewController.swift</string>
			<key>sourceTree</key>
			<string>&lt;group&gt;</string>
		</dict>
		<key>AA5FD45D1CA5DCC800C9DD64</key>
		<dict>
			<key>fileRef</key>
			<string>AA5FD45B1CA5DCC800C9DD64</string>
			<key>isa</key>
			<string>PBXBuildFile</string>
		</dict>
		<key>AA5FD4611CA5FD8800C9DD64</key>
		<dict>
			<key>fileEncoding</key>
			<string>4</string>
			<key>isa</key>
			<string>PBXFileReference</string>
			<key>lastKnownFileType</key>
			<string>file.xib</string>
			<key>path</key>
			<string>WebView.xib</string>
			<key>sourceTree</key>
			<string>&lt;group&gt;</string>
		</dict>
		<key>AA5FD4621CA5FD8800C9DD64</key>
		<dict>
			<key>fileRef</key>
			<string>AA5FD4611CA5FD8800C9DD64</string>
			<key>isa</key>
			<string>PBXBuildFile</string>
		</dict>
		<key>AEF40EC99C69F4886A301352</key>
		<dict>
			<key>buildActionMask</key>
			<string>2147483647</string>
			<key>files</key>
			<array/>
			<key>inputPaths</key>
			<array/>
			<key>isa</key>
			<string>PBXShellScriptBuildPhase</string>
			<key>name</key>
			<string>Embed Pods Frameworks</string>
			<key>outputPaths</key>
			<array/>
			<key>runOnlyForDeploymentPostprocessing</key>
			<string>0</string>
			<key>shellPath</key>
			<string>/bin/sh</string>
			<key>shellScript</key>
			<string>"${SRCROOT}/Pods/Target Support Files/Pods-EarthQuakeMonitor/Pods-EarthQuakeMonitor-frameworks.sh"
</string>
			<key>showEnvVarsInLog</key>
			<string>0</string>
		</dict>
		<key>E6EF11A618E070CF58CE8B71</key>
		<dict>
			<key>children</key>
			<array>
				<string>80FDE624924211C7E02059E9</string>
				<string>73A4EEF8BBD8B04C7D51604E</string>
			</array>
			<key>isa</key>
			<string>PBXGroup</string>
			<key>name</key>
			<string>Pods</string>
			<key>sourceTree</key>
			<string>&lt;group&gt;</string>
		</dict>
		<key>EF343750EF2CCFEBC4B69DA4</key>
		<dict>
			<key>buildActionMask</key>
			<string>2147483647</string>
			<key>files</key>
			<array/>
			<key>inputPaths</key>
			<array/>
			<key>isa</key>
			<string>PBXShellScriptBuildPhase</string>
			<key>name</key>
			<string>Copy Pods Resources</string>
			<key>outputPaths</key>
			<array/>
			<key>runOnlyForDeploymentPostprocessing</key>
			<string>0</string>
			<key>shellPath</key>
			<string>/bin/sh</string>
			<key>shellScript</key>
			<string>"${SRCROOT}/Pods/Target Support Files/Pods-EarthQuakeMonitor/Pods-EarthQuakeMonitor-resources.sh"
</string>
			<key>showEnvVarsInLog</key>
			<string>0</string>
		</dict>
		<key>F4A293262793B2F0EE7A3F00</key>
		<dict>
			<key>explicitFileType</key>
			<string>wrapper.framework</string>
			<key>includeInIndex</key>
			<string>0</string>
			<key>isa</key>
			<string>PBXFileReference</string>
			<key>path</key>
			<string>Pods.framework</string>
			<key>sourceTree</key>
			<string>BUILT_PRODUCTS_DIR</string>
		</dict>
	</dict>
	<key>rootObject</key>
	<string>AA5FD3821CA092E100C9DD64</string>
</dict>
</plist>
