// !$*UTF8*$!
{
	archiveVersion = 1;
	classes = {
	};
	objectVersion = 46;
	objects = {

/* Begin PBXBuildFile section */
		AA17D5591D1A094D00BF74F9 /* ShoppingListModel.xcdatamodeld in Sources */ = {isa = PBXBuildFile; fileRef = AA17D5571D1A094D00BF74F9 /* ShoppingListModel.xcdatamodeld */; };
		AA3D61931D4010FB004B501A /* Item+CoreDataProperties.swift in Sources */ = {isa = PBXBuildFile; fileRef = AA3D618F1D4010FB004B501A /* Item+CoreDataProperties.swift */; };
		AA3D61941D4010FB004B501A /* ShoppingList+CoreDataProperties.swift in Sources */ = {isa = PBXBuildFile; fileRef = AA3D61901D4010FB004B501A /* ShoppingList+CoreDataProperties.swift */; };
		AA3D61951D4010FB004B501A /* ShoppingListItem+CoreDataProperties.swift in Sources */ = {isa = PBXBuildFile; fileRef = AA3D61911D4010FB004B501A /* ShoppingListItem+CoreDataProperties.swift */; };
		AA3D61961D4010FB004B501A /* Store+CoreDataProperties.swift in Sources */ = {isa = PBXBuildFile; fileRef = AA3D61921D4010FB004B501A /* Store+CoreDataProperties.swift */; };
		AAA51C391D42CB280067EAE6 /* StoresCollectionViewController.swift in Sources */ = {isa = PBXBuildFile; fileRef = AAA51C381D42CB280067EAE6 /* StoresCollectionViewController.swift */; };
		AAA63B451D15D3A9008B594D /* AppDelegate.swift in Sources */ = {isa = PBXBuildFile; fileRef = AAA63B441D15D3A9008B594D /* AppDelegate.swift */; };
		AAA63B4C1D15D3A9008B594D /* Main.storyboard in Resources */ = {isa = PBXBuildFile; fileRef = AAA63B4A1D15D3A9008B594D /* Main.storyboard */; };
		AAA63B4E1D15D3A9008B594D /* Assets.xcassets in Resources */ = {isa = PBXBuildFile; fileRef = AAA63B4D1D15D3A9008B594D /* Assets.xcassets */; };
		AAA63B511D15D3A9008B594D /* LaunchScreen.storyboard in Resources */ = {isa = PBXBuildFile; fileRef = AAA63B4F1D15D3A9008B594D /* LaunchScreen.storyboard */; };
		AAA63B5C1D15D3A9008B594D /* ShoppingListTests.swift in Sources */ = {isa = PBXBuildFile; fileRef = AAA63B5B1D15D3A9008B594D /* ShoppingListTests.swift */; };
		AAA63B671D15D3A9008B594D /* ShoppingListUITests.swift in Sources */ = {isa = PBXBuildFile; fileRef = AAA63B661D15D3A9008B594D /* ShoppingListUITests.swift */; };
		AAA63B751D15D506008B594D /* ShoppingListViewController.swift in Sources */ = {isa = PBXBuildFile; fileRef = AAA63B741D15D506008B594D /* ShoppingListViewController.swift */; };
		AAAE46631D2D648E00756FC9 /* Item.swift in Sources */ = {isa = PBXBuildFile; fileRef = AAAE465B1D2D648E00756FC9 /* Item.swift */; };
		AAAE46651D2D648E00756FC9 /* ShoppingList.swift in Sources */ = {isa = PBXBuildFile; fileRef = AAAE465D1D2D648E00756FC9 /* ShoppingList.swift */; };
		AAAE46671D2D648E00756FC9 /* ShoppingListItem.swift in Sources */ = {isa = PBXBuildFile; fileRef = AAAE465F1D2D648E00756FC9 /* ShoppingListItem.swift */; };
		AAAE46691D2D648E00756FC9 /* Store.swift in Sources */ = {isa = PBXBuildFile; fileRef = AAAE46611D2D648E00756FC9 /* Store.swift */; };
		AAAE466D1D2D71ED00756FC9 /* DataManager.swift in Sources */ = {isa = PBXBuildFile; fileRef = AAAE466C1D2D71ED00756FC9 /* DataManager.swift */; };
/* End PBXBuildFile section */

/* Begin PBXContainerItemProxy section */
		AAA63B581D15D3A9008B594D /* PBXContainerItemProxy */ = {
			isa = PBXContainerItemProxy;
			containerPortal = AAA63B391D15D3A9008B594D /* Project object */;
			proxyType = 1;
			remoteGlobalIDString = AAA63B401D15D3A9008B594D;
			remoteInfo = ShoppingList;
		};
		AAA63B631D15D3A9008B594D /* PBXContainerItemProxy */ = {
			isa = PBXContainerItemProxy;
			containerPortal = AAA63B391D15D3A9008B594D /* Project object */;
			proxyType = 1;
			remoteGlobalIDString = AAA63B401D15D3A9008B594D;
			remoteInfo = ShoppingList;
		};
/* End PBXContainerItemProxy section */

/* Begin PBXFileReference section */
		AA17D5581D1A094D00BF74F9 /* ShoppingListModel.xcdatamodel */ = {isa = PBXFileReference; lastKnownFileType = wrapper.xcdatamodel; path = ShoppingListModel.xcdatamodel; sourceTree = "<group>"; };
		AA3D618F1D4010FB004B501A /* Item+CoreDataProperties.swift */ = {isa = PBXFileReference; fileEncoding = 4; lastKnownFileType = sourcecode.swift; name = "Item+CoreDataProperties.swift"; path = "ShoppingList/Item+CoreDataProperties.swift"; sourceTree = "<group>"; };
		AA3D61901D4010FB004B501A /* ShoppingList+CoreDataProperties.swift */ = {isa = PBXFileReference; fileEncoding = 4; lastKnownFileType = sourcecode.swift; name = "ShoppingList+CoreDataProperties.swift"; path = "ShoppingList/ShoppingList+CoreDataProperties.swift"; sourceTree = "<group>"; };
		AA3D61911D4010FB004B501A /* ShoppingListItem+CoreDataProperties.swift */ = {isa = PBXFileReference; fileEncoding = 4; lastKnownFileType = sourcecode.swift; name = "ShoppingListItem+CoreDataProperties.swift"; path = "ShoppingList/ShoppingListItem+CoreDataProperties.swift"; sourceTree = "<group>"; };
		AA3D61921D4010FB004B501A /* Store+CoreDataProperties.swift */ = {isa = PBXFileReference; fileEncoding = 4; lastKnownFileType = sourcecode.swift; name = "Store+CoreDataProperties.swift"; path = "ShoppingList/Store+CoreDataProperties.swift"; sourceTree = "<group>"; };
		AAA51C381D42CB280067EAE6 /* StoresCollectionViewController.swift */ = {isa = PBXFileReference; fileEncoding = 4; lastKnownFileType = sourcecode.swift; path = StoresCollectionViewController.swift; sourceTree = "<group>"; };
		AAA63B411D15D3A9008B594D /* ShoppingList.app */ = {isa = PBXFileReference; explicitFileType = wrapper.application; includeInIndex = 0; path = ShoppingList.app; sourceTree = BUILT_PRODUCTS_DIR; };
		AAA63B441D15D3A9008B594D /* AppDelegate.swift */ = {isa = PBXFileReference; lastKnownFileType = sourcecode.swift; path = AppDelegate.swift; sourceTree = "<group>"; };
		AAA63B4B1D15D3A9008B594D /* Base */ = {isa = PBXFileReference; lastKnownFileType = file.storyboard; name = Base; path = Base.lproj/Main.storyboard; sourceTree = "<group>"; };
		AAA63B4D1D15D3A9008B594D /* Assets.xcassets */ = {isa = PBXFileReference; lastKnownFileType = folder.assetcatalog; path = Assets.xcassets; sourceTree = "<group>"; };
		AAA63B501D15D3A9008B594D /* Base */ = {isa = PBXFileReference; lastKnownFileType = file.storyboard; name = Base; path = Base.lproj/LaunchScreen.storyboard; sourceTree = "<group>"; };
		AAA63B521D15D3A9008B594D /* Info.plist */ = {isa = PBXFileReference; lastKnownFileType = text.plist.xml; path = Info.plist; sourceTree = "<group>"; };
		AAA63B571D15D3A9008B594D /* ShoppingListTests.xctest */ = {isa = PBXFileReference; explicitFileType = wrapper.cfbundle; includeInIndex = 0; path = ShoppingListTests.xctest; sourceTree = BUILT_PRODUCTS_DIR; };
		AAA63B5B1D15D3A9008B594D /* ShoppingListTests.swift */ = {isa = PBXFileReference; lastKnownFileType = sourcecode.swift; path = ShoppingListTests.swift; sourceTree = "<group>"; };
		AAA63B5D1D15D3A9008B594D /* Info.plist */ = {isa = PBXFileReference; lastKnownFileType = text.plist.xml; path = Info.plist; sourceTree = "<group>"; };
		AAA63B621D15D3A9008B594D /* ShoppingListUITests.xctest */ = {isa = PBXFileReference; explicitFileType = wrapper.cfbundle; includeInIndex = 0; path = ShoppingListUITests.xctest; sourceTree = BUILT_PRODUCTS_DIR; };
		AAA63B661D15D3A9008B594D /* ShoppingListUITests.swift */ = {isa = PBXFileReference; lastKnownFileType = sourcecode.swift; path = ShoppingListUITests.swift; sourceTree = "<group>"; };
		AAA63B681D15D3A9008B594D /* Info.plist */ = {isa = PBXFileReference; lastKnownFileType = text.plist.xml; path = Info.plist; sourceTree = "<group>"; };
		AAA63B741D15D506008B594D /* ShoppingListViewController.swift */ = {isa = PBXFileReference; fileEncoding = 4; lastKnownFileType = sourcecode.swift; path = ShoppingListViewController.swift; sourceTree = "<group>"; };
		AAAE465B1D2D648E00756FC9 /* Item.swift */ = {isa = PBXFileReference; fileEncoding = 4; lastKnownFileType = sourcecode.swift; name = Item.swift; path = ShoppingList/Item.swift; sourceTree = "<group>"; };
		AAAE465D1D2D648E00756FC9 /* ShoppingList.swift */ = {isa = PBXFileReference; fileEncoding = 4; lastKnownFileType = sourcecode.swift; name = ShoppingList.swift; path = ShoppingList/ShoppingList.swift; sourceTree = "<group>"; };
		AAAE465F1D2D648E00756FC9 /* ShoppingListItem.swift */ = {isa = PBXFileReference; fileEncoding = 4; lastKnownFileType = sourcecode.swift; name = ShoppingListItem.swift; path = ShoppingList/ShoppingListItem.swift; sourceTree = "<group>"; };
		AAAE46611D2D648E00756FC9 /* Store.swift */ = {isa = PBXFileReference; fileEncoding = 4; lastKnownFileType = sourcecode.swift; name = Store.swift; path = ShoppingList/Store.swift; sourceTree = "<group>"; };
		AAAE466C1D2D71ED00756FC9 /* DataManager.swift */ = {isa = PBXFileReference; fileEncoding = 4; lastKnownFileType = sourcecode.swift; path = DataManager.swift; sourceTree = "<group>"; };
/* End PBXFileReference section */

/* Begin PBXFrameworksBuildPhase section */
		AAA63B3E1D15D3A9008B594D /* Frameworks */ = {
			isa = PBXFrameworksBuildPhase;
			buildActionMask = 2147483647;
			files = (
			);
			runOnlyForDeploymentPostprocessing = 0;
		};
		AAA63B541D15D3A9008B594D /* Frameworks */ = {
			isa = PBXFrameworksBuildPhase;
			buildActionMask = 2147483647;
			files = (
			);
			runOnlyForDeploymentPostprocessing = 0;
		};
		AAA63B5F1D15D3A9008B594D /* Frameworks */ = {
			isa = PBXFrameworksBuildPhase;
			buildActionMask = 2147483647;
			files = (
			);
			runOnlyForDeploymentPostprocessing = 0;
		};
/* End PBXFrameworksBuildPhase section */

/* Begin PBXGroup section */
		AA17D56A1D1A0DEC00BF74F9 /* Model */ = {
			isa = PBXGroup;
			children = (
				AA3D618F1D4010FB004B501A /* Item+CoreDataProperties.swift */,
				AA3D61901D4010FB004B501A /* ShoppingList+CoreDataProperties.swift */,
				AA3D61911D4010FB004B501A /* ShoppingListItem+CoreDataProperties.swift */,
				AA3D61921D4010FB004B501A /* Store+CoreDataProperties.swift */,
				AAAE465B1D2D648E00756FC9 /* Item.swift */,
				AAAE465D1D2D648E00756FC9 /* ShoppingList.swift */,
				AAAE465F1D2D648E00756FC9 /* ShoppingListItem.swift */,
				AAAE46611D2D648E00756FC9 /* Store.swift */,
			);
			name = Model;
			sourceTree = "<group>";
		};
		AAA63B381D15D3A9008B594D = {
			isa = PBXGroup;
			children = (
				AA17D56A1D1A0DEC00BF74F9 /* Model */,
				AAA63B431D15D3A9008B594D /* ShoppingList */,
				AAA63B5A1D15D3A9008B594D /* ShoppingListTests */,
				AAA63B651D15D3A9008B594D /* ShoppingListUITests */,
				AAA63B421D15D3A9008B594D /* Products */,
			);
			sourceTree = "<group>";
		};
		AAA63B421D15D3A9008B594D /* Products */ = {
			isa = PBXGroup;
			children = (
				AAA63B411D15D3A9008B594D /* ShoppingList.app */,
				AAA63B571D15D3A9008B594D /* ShoppingListTests.xctest */,
				AAA63B621D15D3A9008B594D /* ShoppingListUITests.xctest */,
			);
			name = Products;
			sourceTree = "<group>";
		};
		AAA63B431D15D3A9008B594D /* ShoppingList */ = {
			isa = PBXGroup;
			children = (
				AAAE466C1D2D71ED00756FC9 /* DataManager.swift */,
				AAA63B441D15D3A9008B594D /* AppDelegate.swift */,
				AAA63B741D15D506008B594D /* ShoppingListViewController.swift */,
				AAA51C381D42CB280067EAE6 /* StoresCollectionViewController.swift */,
				AAA63B4A1D15D3A9008B594D /* Main.storyboard */,
				AAA63B4D1D15D3A9008B594D /* Assets.xcassets */,
				AAA63B4F1D15D3A9008B594D /* LaunchScreen.storyboard */,
				AAA63B521D15D3A9008B594D /* Info.plist */,
				AA17D5571D1A094D00BF74F9 /* ShoppingListModel.xcdatamodeld */,
			);
			path = ShoppingList;
			sourceTree = "<group>";
		};
		AAA63B5A1D15D3A9008B594D /* ShoppingListTests */ = {
			isa = PBXGroup;
			children = (
				AAA63B5B1D15D3A9008B594D /* ShoppingListTests.swift */,
				AAA63B5D1D15D3A9008B594D /* Info.plist */,
			);
			path = ShoppingListTests;
			sourceTree = "<group>";
		};
		AAA63B651D15D3A9008B594D /* ShoppingListUITests */ = {
			isa = PBXGroup;
			children = (
				AAA63B661D15D3A9008B594D /* ShoppingListUITests.swift */,
				AAA63B681D15D3A9008B594D /* Info.plist */,
			);
			path = ShoppingListUITests;
			sourceTree = "<group>";
		};
/* End PBXGroup section */

/* Begin PBXNativeTarget section */
		AAA63B401D15D3A9008B594D /* ShoppingList */ = {
			isa = PBXNativeTarget;
			buildConfigurationList = AAA63B6B1D15D3A9008B594D /* Build configuration list for PBXNativeTarget "ShoppingList" */;
			buildPhases = (
				AAA63B3D1D15D3A9008B594D /* Sources */,
				AAA63B3E1D15D3A9008B594D /* Frameworks */,
				AAA63B3F1D15D3A9008B594D /* Resources */,
			);
			buildRules = (
			);
			dependencies = (
			);
			name = ShoppingList;
			productName = ShoppingList;
			productReference = AAA63B411D15D3A9008B594D /* ShoppingList.app */;
			productType = "com.apple.product-type.application";
		};
		AAA63B561D15D3A9008B594D /* ShoppingListTests */ = {
			isa = PBXNativeTarget;
			buildConfigurationList = AAA63B6E1D15D3A9008B594D /* Build configuration list for PBXNativeTarget "ShoppingListTests" */;
			buildPhases = (
				AAA63B531D15D3A9008B594D /* Sources */,
				AAA63B541D15D3A9008B594D /* Frameworks */,
				AAA63B551D15D3A9008B594D /* Resources */,
			);
			buildRules = (
			);
			dependencies = (
				AAA63B591D15D3A9008B594D /* PBXTargetDependency */,
			);
			name = ShoppingListTests;
			productName = ShoppingListTests;
			productReference = AAA63B571D15D3A9008B594D /* ShoppingListTests.xctest */;
			productType = "com.apple.product-type.bundle.unit-test";
		};
		AAA63B611D15D3A9008B594D /* ShoppingListUITests */ = {
			isa = PBXNativeTarget;
			buildConfigurationList = AAA63B711D15D3A9008B594D /* Build configuration list for PBXNativeTarget "ShoppingListUITests" */;
			buildPhases = (
				AAA63B5E1D15D3A9008B594D /* Sources */,
				AAA63B5F1D15D3A9008B594D /* Frameworks */,
				AAA63B601D15D3A9008B594D /* Resources */,
			);
			buildRules = (
			);
			dependencies = (
				AAA63B641D15D3A9008B594D /* PBXTargetDependency */,
			);
			name = ShoppingListUITests;
			productName = ShoppingListUITests;
			productReference = AAA63B621D15D3A9008B594D /* ShoppingListUITests.xctest */;
			productType = "com.apple.product-type.bundle.ui-testing";
		};
/* End PBXNativeTarget section */

/* Begin PBXProject section */
		AAA63B391D15D3A9008B594D /* Project object */ = {
			isa = PBXProject;
			attributes = {
				LastSwiftUpdateCheck = 0730;
				LastUpgradeCheck = 0730;
				ORGANIZATIONNAME = athenahealth;
				TargetAttributes = {
					AAA63B401D15D3A9008B594D = {
						CreatedOnToolsVersion = 7.3;
					};
					AAA63B561D15D3A9008B594D = {
						CreatedOnToolsVersion = 7.3;
						TestTargetID = AAA63B401D15D3A9008B594D;
					};
					AAA63B611D15D3A9008B594D = {
						CreatedOnToolsVersion = 7.3;
						TestTargetID = AAA63B401D15D3A9008B594D;
					};
				};
			};
			buildConfigurationList = AAA63B3C1D15D3A9008B594D /* Build configuration list for PBXProject "ShoppingList" */;
			compatibilityVersion = "Xcode 3.2";
			developmentRegion = English;
			hasScannedForEncodings = 0;
			knownRegions = (
				en,
				Base,
			);
			mainGroup = AAA63B381D15D3A9008B594D;
			productRefGroup = AAA63B421D15D3A9008B594D /* Products */;
			projectDirPath = "";
			projectRoot = "";
			targets = (
				AAA63B401D15D3A9008B594D /* ShoppingList */,
				AAA63B561D15D3A9008B594D /* ShoppingListTests */,
				AAA63B611D15D3A9008B594D /* ShoppingListUITests */,
			);
		};
/* End PBXProject section */

/* Begin PBXResourcesBuildPhase section */
		AAA63B3F1D15D3A9008B594D /* Resources */ = {
			isa = PBXResourcesBuildPhase;
			buildActionMask = 2147483647;
			files = (
				AAA63B511D15D3A9008B594D /* LaunchScreen.storyboard in Resources */,
				AAA63B4E1D15D3A9008B594D /* Assets.xcassets in Resources */,
				AAA63B4C1D15D3A9008B594D /* Main.storyboard in Resources */,
			);
			runOnlyForDeploymentPostprocessing = 0;
		};
		AAA63B551D15D3A9008B594D /* Resources */ = {
			isa = PBXResourcesBuildPhase;
			buildActionMask = 2147483647;
			files = (
			);
			runOnlyForDeploymentPostprocessing = 0;
		};
		AAA63B601D15D3A9008B594D /* Resources */ = {
			isa = PBXResourcesBuildPhase;
			buildActionMask = 2147483647;
			files = (
			);
			runOnlyForDeploymentPostprocessing = 0;
		};
/* End PBXResourcesBuildPhase section */

/* Begin PBXSourcesBuildPhase section */
		AAA63B3D1D15D3A9008B594D /* Sources */ = {
			isa = PBXSourcesBuildPhase;
			buildActionMask = 2147483647;
			files = (
				AA3D61931D4010FB004B501A /* Item+CoreDataProperties.swift in Sources */,
				AA3D61951D4010FB004B501A /* ShoppingListItem+CoreDataProperties.swift in Sources */,
				AAAE46651D2D648E00756FC9 /* ShoppingList.swift in Sources */,
				AAA51C391D42CB280067EAE6 /* StoresCollectionViewController.swift in Sources */,
				AAA63B451D15D3A9008B594D /* AppDelegate.swift in Sources */,
				AAAE466D1D2D71ED00756FC9 /* DataManager.swift in Sources */,
				AAAE46691D2D648E00756FC9 /* Store.swift in Sources */,
				AA3D61961D4010FB004B501A /* Store+CoreDataProperties.swift in Sources */,
				AAA63B751D15D506008B594D /* ShoppingListViewController.swift in Sources */,
				AA3D61941D4010FB004B501A /* ShoppingList+CoreDataProperties.swift in Sources */,
				AA17D5591D1A094D00BF74F9 /* ShoppingListModel.xcdatamodeld in Sources */,
				AAAE46631D2D648E00756FC9 /* Item.swift in Sources */,
				AAAE46671D2D648E00756FC9 /* ShoppingListItem.swift in Sources */,
			);
			runOnlyForDeploymentPostprocessing = 0;
		};
		AAA63B531D15D3A9008B594D /* Sources */ = {
			isa = PBXSourcesBuildPhase;
			buildActionMask = 2147483647;
			files = (
				AAA63B5C1D15D3A9008B594D /* ShoppingListTests.swift in Sources */,
			);
			runOnlyForDeploymentPostprocessing = 0;
		};
		AAA63B5E1D15D3A9008B594D /* Sources */ = {
			isa = PBXSourcesBuildPhase;
			buildActionMask = 2147483647;
			files = (
				AAA63B671D15D3A9008B594D /* ShoppingListUITests.swift in Sources */,
			);
			runOnlyForDeploymentPostprocessing = 0;
		};
/* End PBXSourcesBuildPhase section */

/* Begin PBXTargetDependency section */
		AAA63B591D15D3A9008B594D /* PBXTargetDependency */ = {
			isa = PBXTargetDependency;
			target = AAA63B401D15D3A9008B594D /* ShoppingList */;
			targetProxy = AAA63B581D15D3A9008B594D /* PBXContainerItemProxy */;
		};
		AAA63B641D15D3A9008B594D /* PBXTargetDependency */ = {
			isa = PBXTargetDependency;
			target = AAA63B401D15D3A9008B594D /* ShoppingList */;
			targetProxy = AAA63B631D15D3A9008B594D /* PBXContainerItemProxy */;
		};
/* End PBXTargetDependency section */

/* Begin PBXVariantGroup section */
		AAA63B4A1D15D3A9008B594D /* Main.storyboard */ = {
			isa = PBXVariantGroup;
			children = (
				AAA63B4B1D15D3A9008B594D /* Base */,
			);
			name = Main.storyboard;
			sourceTree = "<group>";
		};
		AAA63B4F1D15D3A9008B594D /* LaunchScreen.storyboard */ = {
			isa = PBXVariantGroup;
			children = (
				AAA63B501D15D3A9008B594D /* Base */,
			);
			name = LaunchScreen.storyboard;
			sourceTree = "<group>";
		};
/* End PBXVariantGroup section */

/* Begin XCBuildConfiguration section */
		AAA63B691D15D3A9008B594D /* Debug */ = {
			isa = XCBuildConfiguration;
			buildSettings = {
				ALWAYS_SEARCH_USER_PATHS = NO;
				CLANG_ANALYZER_NONNULL = YES;
				CLANG_CXX_LANGUAGE_STANDARD = "gnu++0x";
				CLANG_CXX_LIBRARY = "libc++";
				CLANG_ENABLE_MODULES = YES;
				CLANG_ENABLE_OBJC_ARC = YES;
				CLANG_WARN_BOOL_CONVERSION = YES;
				CLANG_WARN_CONSTANT_CONVERSION = YES;
				CLANG_WARN_DIRECT_OBJC_ISA_USAGE = YES_ERROR;
				CLANG_WARN_EMPTY_BODY = YES;
				CLANG_WARN_ENUM_CONVERSION = YES;
				CLANG_WARN_INT_CONVERSION = YES;
				CLANG_WARN_OBJC_ROOT_CLASS = YES_ERROR;
				CLANG_WARN_UNREACHABLE_CODE = YES;
				CLANG_WARN__DUPLICATE_METHOD_MATCH = YES;
				"CODE_SIGN_IDENTITY[sdk=iphoneos*]" = "iPhone Developer";
				COPY_PHASE_STRIP = NO;
				DEBUG_INFORMATION_FORMAT = dwarf;
				ENABLE_STRICT_OBJC_MSGSEND = YES;
				ENABLE_TESTABILITY = YES;
				GCC_C_LANGUAGE_STANDARD = gnu99;
				GCC_DYNAMIC_NO_PIC = NO;
				GCC_NO_COMMON_BLOCKS = YES;
				GCC_OPTIMIZATION_LEVEL = 0;
				GCC_PREPROCESSOR_DEFINITIONS = (
					"DEBUG=1",
					"$(inherited)",
				);
				GCC_WARN_64_TO_32_BIT_CONVERSION = YES;
				GCC_WARN_ABOUT_RETURN_TYPE = YES_ERROR;
				GCC_WARN_UNDECLARED_SELECTOR = YES;
				GCC_WARN_UNINITIALIZED_AUTOS = YES_AGGRESSIVE;
				GCC_WARN_UNUSED_FUNCTION = YES;
				GCC_WARN_UNUSED_VARIABLE = YES;
				IPHONEOS_DEPLOYMENT_TARGET = 9.3;
				MTL_ENABLE_DEBUG_INFO = YES;
				ONLY_ACTIVE_ARCH = YES;
				SDKROOT = iphoneos;
				SWIFT_OPTIMIZATION_LEVEL = "-Onone";
			};
			name = Debug;
		};
		AAA63B6A1D15D3A9008B594D /* Release */ = {
			isa = XCBuildConfiguration;
			buildSettings = {
				ALWAYS_SEARCH_USER_PATHS = NO;
				CLANG_ANALYZER_NONNULL = YES;
				CLANG_CXX_LANGUAGE_STANDARD = "gnu++0x";
				CLANG_CXX_LIBRARY = "libc++";
				CLANG_ENABLE_MODULES = YES;
				CLANG_ENABLE_OBJC_ARC = YES;
				CLANG_WARN_BOOL_CONVERSION = YES;
				CLANG_WARN_CONSTANT_CONVERSION = YES;
				CLANG_WARN_DIRECT_OBJC_ISA_USAGE = YES_ERROR;
				CLANG_WARN_EMPTY_BODY = YES;
				CLANG_WARN_ENUM_CONVERSION = YES;
				CLANG_WARN_INT_CONVERSION = YES;
				CLANG_WARN_OBJC_ROOT_CLASS = YES_ERROR;
				CLANG_WARN_UNREACHABLE_CODE = YES;
				CLANG_WARN__DUPLICATE_METHOD_MATCH = YES;
				"CODE_SIGN_IDENTITY[sdk=iphoneos*]" = "iPhone Developer";
				COPY_PHASE_STRIP = NO;
				DEBUG_INFORMATION_FORMAT = "dwarf-with-dsym";
				ENABLE_NS_ASSERTIONS = NO;
				ENABLE_STRICT_OBJC_MSGSEND = YES;
				GCC_C_LANGUAGE_STANDARD = gnu99;
				GCC_NO_COMMON_BLOCKS = YES;
				GCC_WARN_64_TO_32_BIT_CONVERSION = YES;
				GCC_WARN_ABOUT_RETURN_TYPE = YES_ERROR;
				GCC_WARN_UNDECLARED_SELECTOR = YES;
				GCC_WARN_UNINITIALIZED_AUTOS = YES_AGGRESSIVE;
				GCC_WARN_UNUSED_FUNCTION = YES;
				GCC_WARN_UNUSED_VARIABLE = YES;
				IPHONEOS_DEPLOYMENT_TARGET = 9.3;
				MTL_ENABLE_DEBUG_INFO = NO;
				SDKROOT = iphoneos;
				VALIDATE_PRODUCT = YES;
			};
			name = Release;
		};
		AAA63B6C1D15D3A9008B594D /* Debug */ = {
			isa = XCBuildConfiguration;
			buildSettings = {
				ASSETCATALOG_COMPILER_APPICON_NAME = AppIcon;
				INFOPLIST_FILE = ShoppingList/Info.plist;
				LD_RUNPATH_SEARCH_PATHS = "$(inherited) @executable_path/Frameworks";
				PRODUCT_BUNDLE_IDENTIFIER = com.Epocrates.ShoppingList;
				PRODUCT_NAME = "$(TARGET_NAME)";
			};
			name = Debug;
		};
		AAA63B6D1D15D3A9008B594D /* Release */ = {
			isa = XCBuildConfiguration;
			buildSettings = {
				ASSETCATALOG_COMPILER_APPICON_NAME = AppIcon;
				INFOPLIST_FILE = ShoppingList/Info.plist;
				LD_RUNPATH_SEARCH_PATHS = "$(inherited) @executable_path/Frameworks";
				PRODUCT_BUNDLE_IDENTIFIER = com.Epocrates.ShoppingList;
				PRODUCT_NAME = "$(TARGET_NAME)";
			};
			name = Release;
		};
		AAA63B6F1D15D3A9008B594D /* Debug */ = {
			isa = XCBuildConfiguration;
			buildSettings = {
				BUNDLE_LOADER = "$(TEST_HOST)";
				INFOPLIST_FILE = ShoppingListTests/Info.plist;
				LD_RUNPATH_SEARCH_PATHS = "$(inherited) @executable_path/Frameworks @loader_path/Frameworks";
				PRODUCT_BUNDLE_IDENTIFIER = com.Epocrates.ShoppingListTests;
				PRODUCT_NAME = "$(TARGET_NAME)";
				TEST_HOST = "$(BUILT_PRODUCTS_DIR)/ShoppingList.app/ShoppingList";
			};
			name = Debug;
		};
		AAA63B701D15D3A9008B594D /* Release */ = {
			isa = XCBuildConfiguration;
			buildSettings = {
				BUNDLE_LOADER = "$(TEST_HOST)";
				INFOPLIST_FILE = ShoppingListTests/Info.plist;
				LD_RUNPATH_SEARCH_PATHS = "$(inherited) @executable_path/Frameworks @loader_path/Frameworks";
				PRODUCT_BUNDLE_IDENTIFIER = com.Epocrates.ShoppingListTests;
				PRODUCT_NAME = "$(TARGET_NAME)";
				TEST_HOST = "$(BUILT_PRODUCTS_DIR)/ShoppingList.app/ShoppingList";
			};
			name = Release;
		};
		AAA63B721D15D3A9008B594D /* Debug */ = {
			isa = XCBuildConfiguration;
			buildSettings = {
				INFOPLIST_FILE = ShoppingListUITests/Info.plist;
				LD_RUNPATH_SEARCH_PATHS = "$(inherited) @executable_path/Frameworks @loader_path/Frameworks";
				PRODUCT_BUNDLE_IDENTIFIER = com.Epocrates.ShoppingListUITests;
				PRODUCT_NAME = "$(TARGET_NAME)";
				TEST_TARGET_NAME = ShoppingList;
			};
			name = Debug;
		};
		AAA63B731D15D3A9008B594D /* Release */ = {
			isa = XCBuildConfiguration;
			buildSettings = {
				INFOPLIST_FILE = ShoppingListUITests/Info.plist;
				LD_RUNPATH_SEARCH_PATHS = "$(inherited) @executable_path/Frameworks @loader_path/Frameworks";
				PRODUCT_BUNDLE_IDENTIFIER = com.Epocrates.ShoppingListUITests;
				PRODUCT_NAME = "$(TARGET_NAME)";
				TEST_TARGET_NAME = ShoppingList;
			};
			name = Release;
		};
/* End XCBuildConfiguration section */

/* Begin XCConfigurationList section */
		AAA63B3C1D15D3A9008B594D /* Build configuration list for PBXProject "ShoppingList" */ = {
			isa = XCConfigurationList;
			buildConfigurations = (
				AAA63B691D15D3A9008B594D /* Debug */,
				AAA63B6A1D15D3A9008B594D /* Release */,
			);
			defaultConfigurationIsVisible = 0;
			defaultConfigurationName = Release;
		};
		AAA63B6B1D15D3A9008B594D /* Build configuration list for PBXNativeTarget "ShoppingList" */ = {
			isa = XCConfigurationList;
			buildConfigurations = (
				AAA63B6C1D15D3A9008B594D /* Debug */,
				AAA63B6D1D15D3A9008B594D /* Release */,
			);
			defaultConfigurationIsVisible = 0;
			defaultConfigurationName = Release;
		};
		AAA63B6E1D15D3A9008B594D /* Build configuration list for PBXNativeTarget "ShoppingListTests" */ = {
			isa = XCConfigurationList;
			buildConfigurations = (
				AAA63B6F1D15D3A9008B594D /* Debug */,
				AAA63B701D15D3A9008B594D /* Release */,
			);
			defaultConfigurationIsVisible = 0;
			defaultConfigurationName = Release;
		};
		AAA63B711D15D3A9008B594D /* Build configuration list for PBXNativeTarget "ShoppingListUITests" */ = {
			isa = XCConfigurationList;
			buildConfigurations = (
				AAA63B721D15D3A9008B594D /* Debug */,
				AAA63B731D15D3A9008B594D /* Release */,
			);
			defaultConfigurationIsVisible = 0;
			defaultConfigurationName = Release;
		};
/* End XCConfigurationList section */

/* Begin XCVersionGroup section */
		AA17D5571D1A094D00BF74F9 /* ShoppingListModel.xcdatamodeld */ = {
			isa = XCVersionGroup;
			children = (
				AA17D5581D1A094D00BF74F9 /* ShoppingListModel.xcdatamodel */,
			);
			currentVersion = AA17D5581D1A094D00BF74F9 /* ShoppingListModel.xcdatamodel */;
			path = ShoppingListModel.xcdatamodeld;
			sourceTree = "<group>";
			versionGroupType = wrapper.xcdatamodel;
		};
/* End XCVersionGroup section */
	};
	rootObject = AAA63B391D15D3A9008B594D /* Project object */;
}
