// !$*UTF8*$!
{
	archiveVersion = 1;
	classes = {
	};
	objectVersion = 46;
	objects = {

/* Begin PBXBuildFile section */
		AA01DBD81DA54EE10060117B /* AppDelegate.swift in Sources */ = {isa = PBXBuildFile; fileRef = AA01DBD71DA54EE10060117B /* AppDelegate.swift */; };
		AA01DBDA1DA54EE10060117B /* ViewController.swift in Sources */ = {isa = PBXBuildFile; fileRef = AA01DBD91DA54EE10060117B /* ViewController.swift */; };
		AA01DBDD1DA54EE10060117B /* Main.storyboard in Resources */ = {isa = PBXBuildFile; fileRef = AA01DBDB1DA54EE10060117B /* Main.storyboard */; };
		AA01DBDF1DA54EE10060117B /* Assets.xcassets in Resources */ = {isa = PBXBuildFile; fileRef = AA01DBDE1DA54EE10060117B /* Assets.xcassets */; };
		AA01DBE21DA54EE10060117B /* LaunchScreen.storyboard in Resources */ = {isa = PBXBuildFile; fileRef = AA01DBE01DA54EE10060117B /* LaunchScreen.storyboard */; };
		AA01DBED1DA54EE10060117B /* ChineseNumberWisdomTests.swift in Sources */ = {isa = PBXBuildFile; fileRef = AA01DBEC1DA54EE10060117B /* ChineseNumberWisdomTests.swift */; };
		AA01DBF81DA54EE20060117B /* ChineseNumberWisdomUITests.swift in Sources */ = {isa = PBXBuildFile; fileRef = AA01DBF71DA54EE20060117B /* ChineseNumberWisdomUITests.swift */; };
/* End PBXBuildFile section */

/* Begin PBXContainerItemProxy section */
		AA01DBE91DA54EE10060117B /* PBXContainerItemProxy */ = {
			isa = PBXContainerItemProxy;
			containerPortal = AA01DBCC1DA54EE10060117B /* Project object */;
			proxyType = 1;
			remoteGlobalIDString = AA01DBD31DA54EE10060117B;
			remoteInfo = ChineseNumberWisdom;
		};
		AA01DBF41DA54EE20060117B /* PBXContainerItemProxy */ = {
			isa = PBXContainerItemProxy;
			containerPortal = AA01DBCC1DA54EE10060117B /* Project object */;
			proxyType = 1;
			remoteGlobalIDString = AA01DBD31DA54EE10060117B;
			remoteInfo = ChineseNumberWisdom;
		};
/* End PBXContainerItemProxy section */

/* Begin PBXFileReference section */
		AA01DBD41DA54EE10060117B /* ChineseNumberWisdom.app */ = {isa = PBXFileReference; explicitFileType = wrapper.application; includeInIndex = 0; path = ChineseNumberWisdom.app; sourceTree = BUILT_PRODUCTS_DIR; };
		AA01DBD71DA54EE10060117B /* AppDelegate.swift */ = {isa = PBXFileReference; lastKnownFileType = sourcecode.swift; path = AppDelegate.swift; sourceTree = "<group>"; };
		AA01DBD91DA54EE10060117B /* ViewController.swift */ = {isa = PBXFileReference; lastKnownFileType = sourcecode.swift; path = ViewController.swift; sourceTree = "<group>"; };
		AA01DBDC1DA54EE10060117B /* Base */ = {isa = PBXFileReference; lastKnownFileType = file.storyboard; name = Base; path = Base.lproj/Main.storyboard; sourceTree = "<group>"; };
		AA01DBDE1DA54EE10060117B /* Assets.xcassets */ = {isa = PBXFileReference; lastKnownFileType = folder.assetcatalog; path = Assets.xcassets; sourceTree = "<group>"; };
		AA01DBE11DA54EE10060117B /* Base */ = {isa = PBXFileReference; lastKnownFileType = file.storyboard; name = Base; path = Base.lproj/LaunchScreen.storyboard; sourceTree = "<group>"; };
		AA01DBE31DA54EE10060117B /* Info.plist */ = {isa = PBXFileReference; lastKnownFileType = text.plist.xml; path = Info.plist; sourceTree = "<group>"; };
		AA01DBE81DA54EE10060117B /* ChineseNumberWisdomTests.xctest */ = {isa = PBXFileReference; explicitFileType = wrapper.cfbundle; includeInIndex = 0; path = ChineseNumberWisdomTests.xctest; sourceTree = BUILT_PRODUCTS_DIR; };
		AA01DBEC1DA54EE10060117B /* ChineseNumberWisdomTests.swift */ = {isa = PBXFileReference; lastKnownFileType = sourcecode.swift; path = ChineseNumberWisdomTests.swift; sourceTree = "<group>"; };
		AA01DBEE1DA54EE20060117B /* Info.plist */ = {isa = PBXFileReference; lastKnownFileType = text.plist.xml; path = Info.plist; sourceTree = "<group>"; };
		AA01DBF31DA54EE20060117B /* ChineseNumberWisdomUITests.xctest */ = {isa = PBXFileReference; explicitFileType = wrapper.cfbundle; includeInIndex = 0; path = ChineseNumberWisdomUITests.xctest; sourceTree = BUILT_PRODUCTS_DIR; };
		AA01DBF71DA54EE20060117B /* ChineseNumberWisdomUITests.swift */ = {isa = PBXFileReference; lastKnownFileType = sourcecode.swift; path = ChineseNumberWisdomUITests.swift; sourceTree = "<group>"; };
		AA01DBF91DA54EE20060117B /* Info.plist */ = {isa = PBXFileReference; lastKnownFileType = text.plist.xml; path = Info.plist; sourceTree = "<group>"; };
/* End PBXFileReference section */

/* Begin PBXFrameworksBuildPhase section */
		AA01DBD11DA54EE10060117B /* Frameworks */ = {
			isa = PBXFrameworksBuildPhase;
			buildActionMask = 2147483647;
			files = (
			);
			runOnlyForDeploymentPostprocessing = 0;
		};
		AA01DBE51DA54EE10060117B /* Frameworks */ = {
			isa = PBXFrameworksBuildPhase;
			buildActionMask = 2147483647;
			files = (
			);
			runOnlyForDeploymentPostprocessing = 0;
		};
		AA01DBF01DA54EE20060117B /* Frameworks */ = {
			isa = PBXFrameworksBuildPhase;
			buildActionMask = 2147483647;
			files = (
			);
			runOnlyForDeploymentPostprocessing = 0;
		};
/* End PBXFrameworksBuildPhase section */

/* Begin PBXGroup section */
		AA01DBCB1DA54EE10060117B = {
			isa = PBXGroup;
			children = (
				AA01DBD61DA54EE10060117B /* ChineseNumberWisdom */,
				AA01DBEB1DA54EE10060117B /* ChineseNumberWisdomTests */,
				AA01DBF61DA54EE20060117B /* ChineseNumberWisdomUITests */,
				AA01DBD51DA54EE10060117B /* Products */,
			);
			sourceTree = "<group>";
		};
		AA01DBD51DA54EE10060117B /* Products */ = {
			isa = PBXGroup;
			children = (
				AA01DBD41DA54EE10060117B /* ChineseNumberWisdom.app */,
				AA01DBE81DA54EE10060117B /* ChineseNumberWisdomTests.xctest */,
				AA01DBF31DA54EE20060117B /* ChineseNumberWisdomUITests.xctest */,
			);
			name = Products;
			sourceTree = "<group>";
		};
		AA01DBD61DA54EE10060117B /* ChineseNumberWisdom */ = {
			isa = PBXGroup;
			children = (
				AA01DBD71DA54EE10060117B /* AppDelegate.swift */,
				AA01DBD91DA54EE10060117B /* ViewController.swift */,
				AA01DBDB1DA54EE10060117B /* Main.storyboard */,
				AA01DBDE1DA54EE10060117B /* Assets.xcassets */,
				AA01DBE01DA54EE10060117B /* LaunchScreen.storyboard */,
				AA01DBE31DA54EE10060117B /* Info.plist */,
			);
			path = ChineseNumberWisdom;
			sourceTree = "<group>";
		};
		AA01DBEB1DA54EE10060117B /* ChineseNumberWisdomTests */ = {
			isa = PBXGroup;
			children = (
				AA01DBEC1DA54EE10060117B /* ChineseNumberWisdomTests.swift */,
				AA01DBEE1DA54EE20060117B /* Info.plist */,
			);
			path = ChineseNumberWisdomTests;
			sourceTree = "<group>";
		};
		AA01DBF61DA54EE20060117B /* ChineseNumberWisdomUITests */ = {
			isa = PBXGroup;
			children = (
				AA01DBF71DA54EE20060117B /* ChineseNumberWisdomUITests.swift */,
				AA01DBF91DA54EE20060117B /* Info.plist */,
			);
			path = ChineseNumberWisdomUITests;
			sourceTree = "<group>";
		};
/* End PBXGroup section */

/* Begin PBXNativeTarget section */
		AA01DBD31DA54EE10060117B /* ChineseNumberWisdom */ = {
			isa = PBXNativeTarget;
			buildConfigurationList = AA01DBFC1DA54EE20060117B /* Build configuration list for PBXNativeTarget "ChineseNumberWisdom" */;
			buildPhases = (
				AA01DBD01DA54EE10060117B /* Sources */,
				AA01DBD11DA54EE10060117B /* Frameworks */,
				AA01DBD21DA54EE10060117B /* Resources */,
			);
			buildRules = (
			);
			dependencies = (
			);
			name = ChineseNumberWisdom;
			productName = ChineseNumberWisdom;
			productReference = AA01DBD41DA54EE10060117B /* ChineseNumberWisdom.app */;
			productType = "com.apple.product-type.application";
		};
		AA01DBE71DA54EE10060117B /* ChineseNumberWisdomTests */ = {
			isa = PBXNativeTarget;
			buildConfigurationList = AA01DBFF1DA54EE20060117B /* Build configuration list for PBXNativeTarget "ChineseNumberWisdomTests" */;
			buildPhases = (
				AA01DBE41DA54EE10060117B /* Sources */,
				AA01DBE51DA54EE10060117B /* Frameworks */,
				AA01DBE61DA54EE10060117B /* Resources */,
			);
			buildRules = (
			);
			dependencies = (
				AA01DBEA1DA54EE10060117B /* PBXTargetDependency */,
			);
			name = ChineseNumberWisdomTests;
			productName = ChineseNumberWisdomTests;
			productReference = AA01DBE81DA54EE10060117B /* ChineseNumberWisdomTests.xctest */;
			productType = "com.apple.product-type.bundle.unit-test";
		};
		AA01DBF21DA54EE20060117B /* ChineseNumberWisdomUITests */ = {
			isa = PBXNativeTarget;
			buildConfigurationList = AA01DC021DA54EE20060117B /* Build configuration list for PBXNativeTarget "ChineseNumberWisdomUITests" */;
			buildPhases = (
				AA01DBEF1DA54EE20060117B /* Sources */,
				AA01DBF01DA54EE20060117B /* Frameworks */,
				AA01DBF11DA54EE20060117B /* Resources */,
			);
			buildRules = (
			);
			dependencies = (
				AA01DBF51DA54EE20060117B /* PBXTargetDependency */,
			);
			name = ChineseNumberWisdomUITests;
			productName = ChineseNumberWisdomUITests;
			productReference = AA01DBF31DA54EE20060117B /* ChineseNumberWisdomUITests.xctest */;
			productType = "com.apple.product-type.bundle.ui-testing";
		};
/* End PBXNativeTarget section */

/* Begin PBXProject section */
		AA01DBCC1DA54EE10060117B /* Project object */ = {
			isa = PBXProject;
			attributes = {
				LastSwiftUpdateCheck = 0730;
				LastUpgradeCheck = 0730;
				ORGANIZATIONNAME = athenahealth;
				TargetAttributes = {
					AA01DBD31DA54EE10060117B = {
						CreatedOnToolsVersion = 7.3.1;
					};
					AA01DBE71DA54EE10060117B = {
						CreatedOnToolsVersion = 7.3.1;
						TestTargetID = AA01DBD31DA54EE10060117B;
					};
					AA01DBF21DA54EE20060117B = {
						CreatedOnToolsVersion = 7.3.1;
						TestTargetID = AA01DBD31DA54EE10060117B;
					};
				};
			};
			buildConfigurationList = AA01DBCF1DA54EE10060117B /* Build configuration list for PBXProject "ChineseNumberWisdom" */;
			compatibilityVersion = "Xcode 3.2";
			developmentRegion = English;
			hasScannedForEncodings = 0;
			knownRegions = (
				en,
				Base,
			);
			mainGroup = AA01DBCB1DA54EE10060117B;
			productRefGroup = AA01DBD51DA54EE10060117B /* Products */;
			projectDirPath = "";
			projectRoot = "";
			targets = (
				AA01DBD31DA54EE10060117B /* ChineseNumberWisdom */,
				AA01DBE71DA54EE10060117B /* ChineseNumberWisdomTests */,
				AA01DBF21DA54EE20060117B /* ChineseNumberWisdomUITests */,
			);
		};
/* End PBXProject section */

/* Begin PBXResourcesBuildPhase section */
		AA01DBD21DA54EE10060117B /* Resources */ = {
			isa = PBXResourcesBuildPhase;
			buildActionMask = 2147483647;
			files = (
				AA01DBE21DA54EE10060117B /* LaunchScreen.storyboard in Resources */,
				AA01DBDF1DA54EE10060117B /* Assets.xcassets in Resources */,
				AA01DBDD1DA54EE10060117B /* Main.storyboard in Resources */,
			);
			runOnlyForDeploymentPostprocessing = 0;
		};
		AA01DBE61DA54EE10060117B /* Resources */ = {
			isa = PBXResourcesBuildPhase;
			buildActionMask = 2147483647;
			files = (
			);
			runOnlyForDeploymentPostprocessing = 0;
		};
		AA01DBF11DA54EE20060117B /* Resources */ = {
			isa = PBXResourcesBuildPhase;
			buildActionMask = 2147483647;
			files = (
			);
			runOnlyForDeploymentPostprocessing = 0;
		};
/* End PBXResourcesBuildPhase section */

/* Begin PBXSourcesBuildPhase section */
		AA01DBD01DA54EE10060117B /* Sources */ = {
			isa = PBXSourcesBuildPhase;
			buildActionMask = 2147483647;
			files = (
				AA01DBDA1DA54EE10060117B /* ViewController.swift in Sources */,
				AA01DBD81DA54EE10060117B /* AppDelegate.swift in Sources */,
			);
			runOnlyForDeploymentPostprocessing = 0;
		};
		AA01DBE41DA54EE10060117B /* Sources */ = {
			isa = PBXSourcesBuildPhase;
			buildActionMask = 2147483647;
			files = (
				AA01DBED1DA54EE10060117B /* ChineseNumberWisdomTests.swift in Sources */,
			);
			runOnlyForDeploymentPostprocessing = 0;
		};
		AA01DBEF1DA54EE20060117B /* Sources */ = {
			isa = PBXSourcesBuildPhase;
			buildActionMask = 2147483647;
			files = (
				AA01DBF81DA54EE20060117B /* ChineseNumberWisdomUITests.swift in Sources */,
			);
			runOnlyForDeploymentPostprocessing = 0;
		};
/* End PBXSourcesBuildPhase section */

/* Begin PBXTargetDependency section */
		AA01DBEA1DA54EE10060117B /* PBXTargetDependency */ = {
			isa = PBXTargetDependency;
			target = AA01DBD31DA54EE10060117B /* ChineseNumberWisdom */;
			targetProxy = AA01DBE91DA54EE10060117B /* PBXContainerItemProxy */;
		};
		AA01DBF51DA54EE20060117B /* PBXTargetDependency */ = {
			isa = PBXTargetDependency;
			target = AA01DBD31DA54EE10060117B /* ChineseNumberWisdom */;
			targetProxy = AA01DBF41DA54EE20060117B /* PBXContainerItemProxy */;
		};
/* End PBXTargetDependency section */

/* Begin PBXVariantGroup section */
		AA01DBDB1DA54EE10060117B /* Main.storyboard */ = {
			isa = PBXVariantGroup;
			children = (
				AA01DBDC1DA54EE10060117B /* Base */,
			);
			name = Main.storyboard;
			sourceTree = "<group>";
		};
		AA01DBE01DA54EE10060117B /* LaunchScreen.storyboard */ = {
			isa = PBXVariantGroup;
			children = (
				AA01DBE11DA54EE10060117B /* Base */,
			);
			name = LaunchScreen.storyboard;
			sourceTree = "<group>";
		};
/* End PBXVariantGroup section */

/* Begin XCBuildConfiguration section */
		AA01DBFA1DA54EE20060117B /* Debug */ = {
			isa = XCBuildConfiguration;
			buildSettings = {
				ALWAYS_SEARCH_USER_PATHS = NO;
				CLANG_ANALYZER_NONNULL = YES;
				CLANG_CXX_LANGUAGE_STANDARD = "gnu++0x";
				CLANG_CXX_LIBRARY = "libc++";
				CLANG_ENABLE_MODULES = YES;
				CLANG_ENABLE_OBJC_ARC = YES;
				CLANG_WARN_BOOL_CONVERSION = YES;
				CLANG_WARN_CONSTANT_CONVERSION = YES;
				CLANG_WARN_DIRECT_OBJC_ISA_USAGE = YES_ERROR;
				CLANG_WARN_EMPTY_BODY = YES;
				CLANG_WARN_ENUM_CONVERSION = YES;
				CLANG_WARN_INT_CONVERSION = YES;
				CLANG_WARN_OBJC_ROOT_CLASS = YES_ERROR;
				CLANG_WARN_UNREACHABLE_CODE = YES;
				CLANG_WARN__DUPLICATE_METHOD_MATCH = YES;
				"CODE_SIGN_IDENTITY[sdk=iphoneos*]" = "iPhone Developer";
				COPY_PHASE_STRIP = NO;
				DEBUG_INFORMATION_FORMAT = dwarf;
				ENABLE_STRICT_OBJC_MSGSEND = YES;
				ENABLE_TESTABILITY = YES;
				GCC_C_LANGUAGE_STANDARD = gnu99;
				GCC_DYNAMIC_NO_PIC = NO;
				GCC_NO_COMMON_BLOCKS = YES;
				GCC_OPTIMIZATION_LEVEL = 0;
				GCC_PREPROCESSOR_DEFINITIONS = (
					"DEBUG=1",
					"$(inherited)",
				);
				GCC_WARN_64_TO_32_BIT_CONVERSION = YES;
				GCC_WARN_ABOUT_RETURN_TYPE = YES_ERROR;
				GCC_WARN_UNDECLARED_SELECTOR = YES;
				GCC_WARN_UNINITIALIZED_AUTOS = YES_AGGRESSIVE;
				GCC_WARN_UNUSED_FUNCTION = YES;
				GCC_WARN_UNUSED_VARIABLE = YES;
				IPHONEOS_DEPLOYMENT_TARGET = 9.3;
				MTL_ENABLE_DEBUG_INFO = YES;
				ONLY_ACTIVE_ARCH = YES;
				SDKROOT = iphoneos;
				SWIFT_OPTIMIZATION_LEVEL = "-Onone";
			};
			name = Debug;
		};
		AA01DBFB1DA54EE20060117B /* Release */ = {
			isa = XCBuildConfiguration;
			buildSettings = {
				ALWAYS_SEARCH_USER_PATHS = NO;
				CLANG_ANALYZER_NONNULL = YES;
				CLANG_CXX_LANGUAGE_STANDARD = "gnu++0x";
				CLANG_CXX_LIBRARY = "libc++";
				CLANG_ENABLE_MODULES = YES;
				CLANG_ENABLE_OBJC_ARC = YES;
				CLANG_WARN_BOOL_CONVERSION = YES;
				CLANG_WARN_CONSTANT_CONVERSION = YES;
				CLANG_WARN_DIRECT_OBJC_ISA_USAGE = YES_ERROR;
				CLANG_WARN_EMPTY_BODY = YES;
				CLANG_WARN_ENUM_CONVERSION = YES;
				CLANG_WARN_INT_CONVERSION = YES;
				CLANG_WARN_OBJC_ROOT_CLASS = YES_ERROR;
				CLANG_WARN_UNREACHABLE_CODE = YES;
				CLANG_WARN__DUPLICATE_METHOD_MATCH = YES;
				"CODE_SIGN_IDENTITY[sdk=iphoneos*]" = "iPhone Developer";
				COPY_PHASE_STRIP = NO;
				DEBUG_INFORMATION_FORMAT = "dwarf-with-dsym";
				ENABLE_NS_ASSERTIONS = NO;
				ENABLE_STRICT_OBJC_MSGSEND = YES;
				GCC_C_LANGUAGE_STANDARD = gnu99;
				GCC_NO_COMMON_BLOCKS = YES;
				GCC_WARN_64_TO_32_BIT_CONVERSION = YES;
				GCC_WARN_ABOUT_RETURN_TYPE = YES_ERROR;
				GCC_WARN_UNDECLARED_SELECTOR = YES;
				GCC_WARN_UNINITIALIZED_AUTOS = YES_AGGRESSIVE;
				GCC_WARN_UNUSED_FUNCTION = YES;
				GCC_WARN_UNUSED_VARIABLE = YES;
				IPHONEOS_DEPLOYMENT_TARGET = 9.3;
				MTL_ENABLE_DEBUG_INFO = NO;
				SDKROOT = iphoneos;
				VALIDATE_PRODUCT = YES;
			};
			name = Release;
		};
		AA01DBFD1DA54EE20060117B /* Debug */ = {
			isa = XCBuildConfiguration;
			buildSettings = {
				ASSETCATALOG_COMPILER_APPICON_NAME = AppIcon;
				INFOPLIST_FILE = ChineseNumberWisdom/Info.plist;
				LD_RUNPATH_SEARCH_PATHS = "$(inherited) @executable_path/Frameworks";
				PRODUCT_BUNDLE_IDENTIFIER = com.Epocrates.ChineseNumberWisdom;
				PRODUCT_NAME = "$(TARGET_NAME)";
			};
			name = Debug;
		};
		AA01DBFE1DA54EE20060117B /* Release */ = {
			isa = XCBuildConfiguration;
			buildSettings = {
				ASSETCATALOG_COMPILER_APPICON_NAME = AppIcon;
				INFOPLIST_FILE = ChineseNumberWisdom/Info.plist;
				LD_RUNPATH_SEARCH_PATHS = "$(inherited) @executable_path/Frameworks";
				PRODUCT_BUNDLE_IDENTIFIER = com.Epocrates.ChineseNumberWisdom;
				PRODUCT_NAME = "$(TARGET_NAME)";
			};
			name = Release;
		};
		AA01DC001DA54EE20060117B /* Debug */ = {
			isa = XCBuildConfiguration;
			buildSettings = {
				BUNDLE_LOADER = "$(TEST_HOST)";
				INFOPLIST_FILE = ChineseNumberWisdomTests/Info.plist;
				LD_RUNPATH_SEARCH_PATHS = "$(inherited) @executable_path/Frameworks @loader_path/Frameworks";
				PRODUCT_BUNDLE_IDENTIFIER = com.Epocrates.ChineseNumberWisdomTests;
				PRODUCT_NAME = "$(TARGET_NAME)";
				TEST_HOST = "$(BUILT_PRODUCTS_DIR)/ChineseNumberWisdom.app/ChineseNumberWisdom";
			};
			name = Debug;
		};
		AA01DC011DA54EE20060117B /* Release */ = {
			isa = XCBuildConfiguration;
			buildSettings = {
				BUNDLE_LOADER = "$(TEST_HOST)";
				INFOPLIST_FILE = ChineseNumberWisdomTests/Info.plist;
				LD_RUNPATH_SEARCH_PATHS = "$(inherited) @executable_path/Frameworks @loader_path/Frameworks";
				PRODUCT_BUNDLE_IDENTIFIER = com.Epocrates.ChineseNumberWisdomTests;
				PRODUCT_NAME = "$(TARGET_NAME)";
				TEST_HOST = "$(BUILT_PRODUCTS_DIR)/ChineseNumberWisdom.app/ChineseNumberWisdom";
			};
			name = Release;
		};
		AA01DC031DA54EE20060117B /* Debug */ = {
			isa = XCBuildConfiguration;
			buildSettings = {
				INFOPLIST_FILE = ChineseNumberWisdomUITests/Info.plist;
				LD_RUNPATH_SEARCH_PATHS = "$(inherited) @executable_path/Frameworks @loader_path/Frameworks";
				PRODUCT_BUNDLE_IDENTIFIER = com.Epocrates.ChineseNumberWisdomUITests;
				PRODUCT_NAME = "$(TARGET_NAME)";
				TEST_TARGET_NAME = ChineseNumberWisdom;
			};
			name = Debug;
		};
		AA01DC041DA54EE20060117B /* Release */ = {
			isa = XCBuildConfiguration;
			buildSettings = {
				INFOPLIST_FILE = ChineseNumberWisdomUITests/Info.plist;
				LD_RUNPATH_SEARCH_PATHS = "$(inherited) @executable_path/Frameworks @loader_path/Frameworks";
				PRODUCT_BUNDLE_IDENTIFIER = com.Epocrates.ChineseNumberWisdomUITests;
				PRODUCT_NAME = "$(TARGET_NAME)";
				TEST_TARGET_NAME = ChineseNumberWisdom;
			};
			name = Release;
		};
/* End XCBuildConfiguration section */

/* Begin XCConfigurationList section */
		AA01DBCF1DA54EE10060117B /* Build configuration list for PBXProject "ChineseNumberWisdom" */ = {
			isa = XCConfigurationList;
			buildConfigurations = (
				AA01DBFA1DA54EE20060117B /* Debug */,
				AA01DBFB1DA54EE20060117B /* Release */,
			);
			defaultConfigurationIsVisible = 0;
			defaultConfigurationName = Release;
		};
		AA01DBFC1DA54EE20060117B /* Build configuration list for PBXNativeTarget "ChineseNumberWisdom" */ = {
			isa = XCConfigurationList;
			buildConfigurations = (
				AA01DBFD1DA54EE20060117B /* Debug */,
				AA01DBFE1DA54EE20060117B /* Release */,
			);
			defaultConfigurationIsVisible = 0;
		};
		AA01DBFF1DA54EE20060117B /* Build configuration list for PBXNativeTarget "ChineseNumberWisdomTests" */ = {
			isa = XCConfigurationList;
			buildConfigurations = (
				AA01DC001DA54EE20060117B /* Debug */,
				AA01DC011DA54EE20060117B /* Release */,
			);
			defaultConfigurationIsVisible = 0;
		};
		AA01DC021DA54EE20060117B /* Build configuration list for PBXNativeTarget "ChineseNumberWisdomUITests" */ = {
			isa = XCConfigurationList;
			buildConfigurations = (
				AA01DC031DA54EE20060117B /* Debug */,
				AA01DC041DA54EE20060117B /* Release */,
			);
			defaultConfigurationIsVisible = 0;
		};
/* End XCConfigurationList section */
	};
	rootObject = AA01DBCC1DA54EE10060117B /* Project object */;
}
